Microsoft Visual Studio Solution File, Format Version 11.00
# Visual Studio 2010
Project("{FAE04EC0-301F-11D3-BF4B-00C04F79EFBC}") = "ermeX.Tests", "ermeX.Tests\ermeX.Tests.csproj", "{4DB3393D-C2F8-4124-A87D-CDBC156198D5}"
EndProject
Project("{2150E333-8FDC-42A3-9474-1A3956D46DE8}") = "Tests", "Tests", "{7D132DF0-3848-4267-AFD0-A0113BF49D40}"
EndProject
Project("{2150E333-8FDC-42A3-9474-1A3956D46DE8}") = "Product", "Product", "{5FAB0B8E-1A1C-4385-BCF8-B889196DB1B5}"
EndProject
Project("{FAE04EC0-301F-11D3-BF4B-00C04F79EFBC}") = "ermeX", "ermeX\ermeX.csproj", "{84423F30-093B-4345-A417-409C79FD945E}"
EndProject
Project("{FAE04EC0-301F-11D3-BF4B-00C04F79EFBC}") = "ermeX.ConfigurationManagement", "ermeX.ConfigurationManagement\ermeX.ConfigurationManagement.csproj", "{C4536E30-DC91-4AA4-8860-ECBDAF1AE4DE}"
EndProject
Project("{2150E333-8FDC-42A3-9474-1A3956D46DE8}") = "Configuration", "Configuration", "{B0B37DBF-4F55-4E54-AC12-A7AC4203788C}"
EndProject
Project("{2150E333-8FDC-42A3-9474-1A3956D46DE8}") = "DAL", "DAL", "{95D36496-23B1-4DED-A8A3-043022B574B3}"
EndProject
Project("{FAE04EC0-301F-11D3-BF4B-00C04F79EFBC}") = "ermeX.DAL", "ermeX.DAL\ermeX.DAL.csproj", "{588A3C5F-C021-480E-B413-AEF2DEC4F97F}"
EndProject
Project("{FAE04EC0-301F-11D3-BF4B-00C04F79EFBC}") = "ermeX.Entities", "ermeX.Entities\ermeX.Entities.csproj", "{A32D1859-83FC-43B8-A66D-E7F8A80772B1}"
EndProject
Project("{FAE04EC0-301F-11D3-BF4B-00C04F79EFBC}") = "ermeX.Common", "ermeX.Common\ermeX.Common.csproj", "{49D6179A-5489-4CB0-A4AE-F40DB88B78B7}"
EndProject
Project("{FAE04EC0-301F-11D3-BF4B-00C04F79EFBC}") = "ermeX.Versioning", "ermeX.Versioning\ermeX.Versioning.csproj", "{01A43626-806A-4657-BEAC-52E0EFFCD068}"
EndProject
Project("{FAE04EC0-301F-11D3-BF4B-00C04F79EFBC}") = "ermeX.ConfigurationManagement.Settings", "ermeX.ConfigurationManagement.Settings\ermeX.ConfigurationManagement.Settings.csproj", "{A6C2D141-25F0-4BFF-93BC-F9EF0CBDB3B1}"
EndProject
Project("{FAE04EC0-301F-11D3-BF4B-00C04F79EFBC}") = "ermeX.Transport", "ermeX.Transport\ermeX.Transport.csproj", "{E7698635-4781-4A53-A16F-1800F8177A4B}"
EndProject
Project("{2150E333-8FDC-42A3-9474-1A3956D46DE8}") = "Transport", "Transport", "{12D9B0D9-EA30-4268-8552-120DD86315B2}"
EndProject
Project("{FAE04EC0-301F-11D3-BF4B-00C04F79EFBC}") = "ermeX.Transport.Interfaces", "ermeX.Transport.Interfaces\ermeX.Transport.Interfaces.csproj", "{991296BF-95D5-4462-A7EF-574E56C679F3}"
EndProject
Project("{FAE04EC0-301F-11D3-BF4B-00C04F79EFBC}") = "ermeX.Transport.Reception", "ermeX.Transport.Reception\ermeX.Transport.Reception.csproj", "{37DF8B7E-E52C-4B91-B439-F65611BDA121}"
EndProject
Project("{FAE04EC0-301F-11D3-BF4B-00C04F79EFBC}") = "ermeX.Transport.Publish", "ermeX.Transport.Publish\ermeX.Transport.Publish.csproj", "{214C51EE-B099-4288-AD16-E423F35D1870}"
EndProject
Project("{2150E333-8FDC-42A3-9474-1A3956D46DE8}") = "Domain", "Domain", "{ED3890BA-5F23-4989-80F4-D87BF1EF8F9C}"
EndProject
Project("{2150E333-8FDC-42A3-9474-1A3956D46DE8}") = "Common", "Common", "{89937816-518C-4E04-B6E5-9F5218337E4B}"
EndProject
Project("{2150E333-8FDC-42A3-9474-1A3956D46DE8}") = "Bus", "Bus", "{A071F234-7B29-418A-AD12-4FEE2F225DA9}"
EndProject
Project("{FAE04EC0-301F-11D3-BF4B-00C04F79EFBC}") = "ermeX.Bus", "ermeX.Bus\ermeX.Bus.csproj", "{DA91A63E-958D-4478-94F7-44D12EA15F05}"
EndProject
Project("{FAE04EC0-301F-11D3-BF4B-00C04F79EFBC}") = "ermeX.Bus.Interfaces", "ermeX.Bus.Interfaces\ermeX.Bus.Interfaces.csproj", "{9E3D8616-BD44-4E0A-A67C-182473CE2453}"
EndProject
Project("{FAE04EC0-301F-11D3-BF4B-00C04F79EFBC}") = "ermeX.Bus.Listening", "ermeX.Bus.Listening\ermeX.Bus.Listening.csproj", "{EC7959A4-3ACB-4619-ACCB-E6C9EA686C4D}"
EndProject
Project("{FAE04EC0-301F-11D3-BF4B-00C04F79EFBC}") = "ermeX.Bus.Publishing", "ermeX.Bus.Publishing\ermeX.Bus.Publishing.csproj", "{AC2791B0-305E-44E5-B6C1-88771BDE7860}"
EndProject
Project("{2150E333-8FDC-42A3-9474-1A3956D46DE8}") = "Biz", "Biz", "{67934BE8-E998-4E99-B339-EDB3C114953D}"
EndProject
Project("{FAE04EC0-301F-11D3-BF4B-00C04F79EFBC}") = "ermeX.Biz.Subscriptions", "ermeX.Biz.Subscriptions\ermeX.Biz.Subscriptions.csproj", "{5D22F1C4-31D4-444C-9969-1A4A8E45405C}"
EndProject
Project("{FAE04EC0-301F-11D3-BF4B-00C04F79EFBC}") = "ermeX.Biz", "ermeX.Biz\ermeX.Biz.csproj", "{E19DA40A-2151-4A4F-A00B-565EF81B702A}"
EndProject
Project("{FAE04EC0-301F-11D3-BF4B-00C04F79EFBC}") = "ermeX.Biz.ServicesPublishing", "ermeX.Biz.ServicesPublishing\ermeX.Biz.ServicesPublishing.csproj", "{7D94A3D6-0397-4A1C-B80F-6EAB0BB39DD0}"
EndProject
Project("{FAE04EC0-301F-11D3-BF4B-00C04F79EFBC}") = "ermeX.Biz.Services", "ermeX.Biz.Services\ermeX.Biz.Services.csproj", "{761258C1-88AD-44A8-94AC-AEAE00D3107E}"
EndProject
Project("{FAE04EC0-301F-11D3-BF4B-00C04F79EFBC}") = "ermeX.Biz.Messaging", "ermeX.Biz.Messaging\ermeX.Biz.Messaging.csproj", "{16D5EA67-6783-425C-8C5A-9ECCF6CD886C}"
EndProject
Project("{2150E333-8FDC-42A3-9474-1A3956D46DE8}") = "Public", "Public", "{72261C54-BBED-4E7A-9EA0-610A09BA47AD}"
EndProject
Project("{FAE04EC0-301F-11D3-BF4B-00C04F79EFBC}") = "ermeX.Transport.BuiltIn.SuperSocket", "ermeX.Transport.BuiltIn.SuperSocket\ermeX.Transport.BuiltIn.SuperSocket.csproj", "{91BAFA98-AFBA-4CD0-BC04-AD1030C4E0F8}"
EndProject
Project("{FAE04EC0-301F-11D3-BF4B-00C04F79EFBC}") = "ermeX.DAL.Interfaces", "ermeX.DAL.Interfaces\ermeX.DAL.Interfaces.csproj", "{54018AEE-9ED4-4D55-ADBD-EA8F44601F97}"
EndProject
Project("{FAE04EC0-301F-11D3-BF4B-00C04F79EFBC}") = "ermeX.Transport.IoC", "ermeX.Transport.IoC\ermeX.Transport.IoC.csproj", "{1CEFD1B8-E842-4BBB-B965-72E1DD6D4DE6}"
EndProject
Project("{FAE04EC0-301F-11D3-BF4B-00C04F79EFBC}") = "ermeX.Bus.IoC", "ermeX.Bus.IoC\ermeX.Bus.IoC.csproj", "{BBCDCC8A-C921-430F-990F-B7FC1DB2E4E4}"
EndProject
Project("{FAE04EC0-301F-11D3-BF4B-00C04F79EFBC}") = "ermeX.Biz.IoC", "ermeX.Biz.IoC\ermeX.Biz.IoC.csproj", "{6E6F4849-39C6-42F3-BE1C-477420CE8CF9}"
EndProject
Project("{FAE04EC0-301F-11D3-BF4B-00C04F79EFBC}") = "ermeX.Biz.Interfaces", "ermeX.Biz.Interfaces\ermeX.Biz.Interfaces.csproj", "{2A5A42E3-AC6B-4312-968B-9FEEEA8C8286}"
EndProject
Project("{FAE04EC0-301F-11D3-BF4B-00C04F79EFBC}") = "ermeX.Interfaces", "ermeX.Interfaces\ermeX.Interfaces.csproj", "{A67BD599-72DF-40F6-B632-AFB22B4B3D18}"
EndProject
Project("{FAE04EC0-301F-11D3-BF4B-00C04F79EFBC}") = "ermeX.Bus.Synchronisation", "ermeX.Bus.Synchronisation\ermeX.Bus.Synchronisation.csproj", "{560852A4-AF6A-4440-BC97-9A5453DDD5FC}"
EndProject
Project("{FAE04EC0-301F-11D3-BF4B-00C04F79EFBC}") = "ermeX.Tests.SupportTypes", "ermeX.Tests.SupportTypes\ermeX.Tests.SupportTypes.csproj", "{B26507AE-B7E4-4E3B-8643-1F3A7B8F8224}"
EndProject
Project("{2150E333-8FDC-42A3-9474-1A3956D46DE8}") = "Unit", "Unit", "{21525A2B-CBDF-4BEA-8B80-C475A9B1D73A}"
EndProject
Project("{FAE04EC0-301F-11D3-BF4B-00C04F79EFBC}") = "ermeX.Tests.Common", "ermeX.Tests.Common\ermeX.Tests.Common.csproj", "{7E841F70-E81D-4AB8-B387-DD7383202915}"
EndProject
Project("{2150E333-8FDC-42A3-9474-1A3956D46DE8}") = "NonTestLibs", "NonTestLibs", "{032494FE-1B0E-4FCB-B51A-45AAFFDED5B2}"
EndProject
Project("{2150E333-8FDC-42A3-9474-1A3956D46DE8}") = "Layers", "Layers", "{89128E13-DA62-43ED-ABCD-686888D1BB2B}"
EndProject
Project("{2150E333-8FDC-42A3-9474-1A3956D46DE8}") = "Messages", "Messages", "{CC74E768-0D3A-4822-8020-F0C88A66AD26}"
EndProject
Project("{FAE04EC0-301F-11D3-BF4B-00C04F79EFBC}") = "ermeX.LayerMessages", "ermeX.LayerMessages\ermeX.LayerMessages.csproj", "{26F55E96-54A0-4B3C-AA1D-7FF13CD7D12E}"
EndProject
Project("{FAE04EC0-301F-11D3-BF4B-00C04F79EFBC}") = "ermeX.Threading", "ermeX.Threading\ermeX.Threading.csproj", "{AE19CF24-90CF-4BA2-9336-374DC8AE7AE4}"
EndProject
Project("{FAE04EC0-301F-11D3-BF4B-00C04F79EFBC}") = "ermeX.Exceptions", "ermeX.Exceptions\ermeX.Exceptions.csproj", "{6A23DFD5-8894-4ABA-BA81-7AB2A7DAD552}"
EndProject
Project("{FAE04EC0-301F-11D3-BF4B-00C04F79EFBC}") = "ermeX.Tests.DAL.Integration", "ermeX.Tests.DAL.Integration\ermeX.Tests.DAL.Integration.csproj", "{EF17C80A-380F-43FE-BA27-6841F9C4CF66}"
EndProject
Project("{FAE04EC0-301F-11D3-BF4B-00C04F79EFBC}") = "ermeX.Tests.Threading", "ermeX.Tests.Threading\ermeX.Tests.Threading.csproj", "{31643F2E-F354-48F3-9610-BCCEB4808AD1}"
EndProject
Project("{FAE04EC0-301F-11D3-BF4B-00C04F79EFBC}") = "ermeX.Tests.Bus.Publishing", "ermeX.Tests.Bus.Publishing\ermeX.Tests.Bus.Publishing.csproj", "{4B00E93D-0ABD-48F4-808E-7D8435293CD8}"
EndProject
Project("{FAE04EC0-301F-11D3-BF4B-00C04F79EFBC}") = "ermeX.Tests.Bus.Listening", "ermeX.Tests.Bus.Listening\ermeX.Tests.Bus.Listening.csproj", "{B55F7E04-5B59-426F-BA4B-1A4C8B0A2C7E}"
EndProject
Global
	GlobalSection(SolutionConfigurationPlatforms) = preSolution
		Debug|Any CPU = Debug|Any CPU
		Debug|Mixed Platforms = Debug|Mixed Platforms
		Debug|x64 = Debug|x64
		Debug|x86 = Debug|x86
		Release|Any CPU = Release|Any CPU
		Release|Mixed Platforms = Release|Mixed Platforms
		Release|x64 = Release|x64
		Release|x86 = Release|x86
	EndGlobalSection
	GlobalSection(ProjectConfigurationPlatforms) = postSolution
		{4DB3393D-C2F8-4124-A87D-CDBC156198D5}.Debug|Any CPU.ActiveCfg = Debug|x64
		{4DB3393D-C2F8-4124-A87D-CDBC156198D5}.Debug|Mixed Platforms.ActiveCfg = Debug|x64
		{4DB3393D-C2F8-4124-A87D-CDBC156198D5}.Debug|Mixed Platforms.Build.0 = Debug|x64
		{4DB3393D-C2F8-4124-A87D-CDBC156198D5}.Debug|x64.ActiveCfg = Debug|x64
		{4DB3393D-C2F8-4124-A87D-CDBC156198D5}.Debug|x64.Build.0 = Debug|x64
		{4DB3393D-C2F8-4124-A87D-CDBC156198D5}.Debug|x86.ActiveCfg = Debug|x86
		{4DB3393D-C2F8-4124-A87D-CDBC156198D5}.Debug|x86.Build.0 = Debug|x86
		{4DB3393D-C2F8-4124-A87D-CDBC156198D5}.Release|Any CPU.ActiveCfg = Release|x64
		{4DB3393D-C2F8-4124-A87D-CDBC156198D5}.Release|Mixed Platforms.ActiveCfg = Release|x64
		{4DB3393D-C2F8-4124-A87D-CDBC156198D5}.Release|Mixed Platforms.Build.0 = Release|x64
		{4DB3393D-C2F8-4124-A87D-CDBC156198D5}.Release|x64.ActiveCfg = Release|x64
		{4DB3393D-C2F8-4124-A87D-CDBC156198D5}.Release|x64.Build.0 = Release|x64
		{4DB3393D-C2F8-4124-A87D-CDBC156198D5}.Release|x86.ActiveCfg = Release|x86
		{4DB3393D-C2F8-4124-A87D-CDBC156198D5}.Release|x86.Build.0 = Release|x86
		{84423F30-093B-4345-A417-409C79FD945E}.Debug|Any CPU.ActiveCfg = Debug|x64
		{84423F30-093B-4345-A417-409C79FD945E}.Debug|Mixed Platforms.ActiveCfg = Debug|x64
		{84423F30-093B-4345-A417-409C79FD945E}.Debug|Mixed Platforms.Build.0 = Debug|x64
		{84423F30-093B-4345-A417-409C79FD945E}.Debug|x64.ActiveCfg = Debug|x64
		{84423F30-093B-4345-A417-409C79FD945E}.Debug|x64.Build.0 = Debug|x64
		{84423F30-093B-4345-A417-409C79FD945E}.Debug|x86.ActiveCfg = Debug|x86
		{84423F30-093B-4345-A417-409C79FD945E}.Debug|x86.Build.0 = Debug|x86
		{84423F30-093B-4345-A417-409C79FD945E}.Release|Any CPU.ActiveCfg = Release|x64
		{84423F30-093B-4345-A417-409C79FD945E}.Release|Mixed Platforms.ActiveCfg = Release|x64
		{84423F30-093B-4345-A417-409C79FD945E}.Release|Mixed Platforms.Build.0 = Release|x64
		{84423F30-093B-4345-A417-409C79FD945E}.Release|x64.ActiveCfg = Release|x64
		{84423F30-093B-4345-A417-409C79FD945E}.Release|x64.Build.0 = Release|x64
		{84423F30-093B-4345-A417-409C79FD945E}.Release|x86.ActiveCfg = Release|x86
		{84423F30-093B-4345-A417-409C79FD945E}.Release|x86.Build.0 = Release|x86
		{C4536E30-DC91-4AA4-8860-ECBDAF1AE4DE}.Debug|Any CPU.ActiveCfg = Debug|x64
		{C4536E30-DC91-4AA4-8860-ECBDAF1AE4DE}.Debug|Mixed Platforms.ActiveCfg = Debug|x64
		{C4536E30-DC91-4AA4-8860-ECBDAF1AE4DE}.Debug|Mixed Platforms.Build.0 = Debug|x64
		{C4536E30-DC91-4AA4-8860-ECBDAF1AE4DE}.Debug|x64.ActiveCfg = Debug|x64
		{C4536E30-DC91-4AA4-8860-ECBDAF1AE4DE}.Debug|x64.Build.0 = Debug|x64
		{C4536E30-DC91-4AA4-8860-ECBDAF1AE4DE}.Debug|x86.ActiveCfg = Debug|x86
		{C4536E30-DC91-4AA4-8860-ECBDAF1AE4DE}.Debug|x86.Build.0 = Debug|x86
		{C4536E30-DC91-4AA4-8860-ECBDAF1AE4DE}.Release|Any CPU.ActiveCfg = Release|x64
		{C4536E30-DC91-4AA4-8860-ECBDAF1AE4DE}.Release|Mixed Platforms.ActiveCfg = Release|x64
		{C4536E30-DC91-4AA4-8860-ECBDAF1AE4DE}.Release|Mixed Platforms.Build.0 = Release|x64
		{C4536E30-DC91-4AA4-8860-ECBDAF1AE4DE}.Release|x64.ActiveCfg = Release|x64
		{C4536E30-DC91-4AA4-8860-ECBDAF1AE4DE}.Release|x64.Build.0 = Release|x64
		{C4536E30-DC91-4AA4-8860-ECBDAF1AE4DE}.Release|x86.ActiveCfg = Release|x86
		{C4536E30-DC91-4AA4-8860-ECBDAF1AE4DE}.Release|x86.Build.0 = Release|x86
		{588A3C5F-C021-480E-B413-AEF2DEC4F97F}.Debug|Any CPU.ActiveCfg = Debug|x64
		{588A3C5F-C021-480E-B413-AEF2DEC4F97F}.Debug|Mixed Platforms.ActiveCfg = Debug|x64
		{588A3C5F-C021-480E-B413-AEF2DEC4F97F}.Debug|Mixed Platforms.Build.0 = Debug|x64
		{588A3C5F-C021-480E-B413-AEF2DEC4F97F}.Debug|x64.ActiveCfg = Debug|x64
		{588A3C5F-C021-480E-B413-AEF2DEC4F97F}.Debug|x64.Build.0 = Debug|x64
		{588A3C5F-C021-480E-B413-AEF2DEC4F97F}.Debug|x86.ActiveCfg = Debug|x86
		{588A3C5F-C021-480E-B413-AEF2DEC4F97F}.Debug|x86.Build.0 = Debug|x86
		{588A3C5F-C021-480E-B413-AEF2DEC4F97F}.Release|Any CPU.ActiveCfg = Release|x64
		{588A3C5F-C021-480E-B413-AEF2DEC4F97F}.Release|Mixed Platforms.ActiveCfg = Release|x64
		{588A3C5F-C021-480E-B413-AEF2DEC4F97F}.Release|Mixed Platforms.Build.0 = Release|x64
		{588A3C5F-C021-480E-B413-AEF2DEC4F97F}.Release|x64.ActiveCfg = Release|x64
		{588A3C5F-C021-480E-B413-AEF2DEC4F97F}.Release|x64.Build.0 = Release|x64
		{588A3C5F-C021-480E-B413-AEF2DEC4F97F}.Release|x86.ActiveCfg = Release|x86
		{588A3C5F-C021-480E-B413-AEF2DEC4F97F}.Release|x86.Build.0 = Release|x86
		{A32D1859-83FC-43B8-A66D-E7F8A80772B1}.Debug|Any CPU.ActiveCfg = Debug|x64
		{A32D1859-83FC-43B8-A66D-E7F8A80772B1}.Debug|Mixed Platforms.ActiveCfg = Debug|x64
		{A32D1859-83FC-43B8-A66D-E7F8A80772B1}.Debug|Mixed Platforms.Build.0 = Debug|x64
		{A32D1859-83FC-43B8-A66D-E7F8A80772B1}.Debug|x64.ActiveCfg = Debug|x64
		{A32D1859-83FC-43B8-A66D-E7F8A80772B1}.Debug|x64.Build.0 = Debug|x64
		{A32D1859-83FC-43B8-A66D-E7F8A80772B1}.Debug|x86.ActiveCfg = Debug|x86
		{A32D1859-83FC-43B8-A66D-E7F8A80772B1}.Debug|x86.Build.0 = Debug|x86
		{A32D1859-83FC-43B8-A66D-E7F8A80772B1}.Release|Any CPU.ActiveCfg = Release|x64
		{A32D1859-83FC-43B8-A66D-E7F8A80772B1}.Release|Mixed Platforms.ActiveCfg = Release|x64
		{A32D1859-83FC-43B8-A66D-E7F8A80772B1}.Release|Mixed Platforms.Build.0 = Release|x64
		{A32D1859-83FC-43B8-A66D-E7F8A80772B1}.Release|x64.ActiveCfg = Release|x64
		{A32D1859-83FC-43B8-A66D-E7F8A80772B1}.Release|x64.Build.0 = Release|x64
		{A32D1859-83FC-43B8-A66D-E7F8A80772B1}.Release|x86.ActiveCfg = Release|x86
		{A32D1859-83FC-43B8-A66D-E7F8A80772B1}.Release|x86.Build.0 = Release|x86
		{49D6179A-5489-4CB0-A4AE-F40DB88B78B7}.Debug|Any CPU.ActiveCfg = Debug|x64
		{49D6179A-5489-4CB0-A4AE-F40DB88B78B7}.Debug|Mixed Platforms.ActiveCfg = Debug|x64
		{49D6179A-5489-4CB0-A4AE-F40DB88B78B7}.Debug|Mixed Platforms.Build.0 = Debug|x64
		{49D6179A-5489-4CB0-A4AE-F40DB88B78B7}.Debug|x64.ActiveCfg = Debug|x64
		{49D6179A-5489-4CB0-A4AE-F40DB88B78B7}.Debug|x64.Build.0 = Debug|x64
		{49D6179A-5489-4CB0-A4AE-F40DB88B78B7}.Debug|x86.ActiveCfg = Debug|x86
		{49D6179A-5489-4CB0-A4AE-F40DB88B78B7}.Debug|x86.Build.0 = Debug|x86
		{49D6179A-5489-4CB0-A4AE-F40DB88B78B7}.Release|Any CPU.ActiveCfg = Release|x64
		{49D6179A-5489-4CB0-A4AE-F40DB88B78B7}.Release|Mixed Platforms.ActiveCfg = Release|x64
		{49D6179A-5489-4CB0-A4AE-F40DB88B78B7}.Release|Mixed Platforms.Build.0 = Release|x64
		{49D6179A-5489-4CB0-A4AE-F40DB88B78B7}.Release|x64.ActiveCfg = Release|x64
		{49D6179A-5489-4CB0-A4AE-F40DB88B78B7}.Release|x64.Build.0 = Release|x64
		{49D6179A-5489-4CB0-A4AE-F40DB88B78B7}.Release|x86.ActiveCfg = Release|x86
		{49D6179A-5489-4CB0-A4AE-F40DB88B78B7}.Release|x86.Build.0 = Release|x86
		{01A43626-806A-4657-BEAC-52E0EFFCD068}.Debug|Any CPU.ActiveCfg = Debug|x64
		{01A43626-806A-4657-BEAC-52E0EFFCD068}.Debug|Mixed Platforms.ActiveCfg = Debug|x64
		{01A43626-806A-4657-BEAC-52E0EFFCD068}.Debug|Mixed Platforms.Build.0 = Debug|x64
		{01A43626-806A-4657-BEAC-52E0EFFCD068}.Debug|x64.ActiveCfg = Debug|x64
		{01A43626-806A-4657-BEAC-52E0EFFCD068}.Debug|x64.Build.0 = Debug|x64
		{01A43626-806A-4657-BEAC-52E0EFFCD068}.Debug|x86.ActiveCfg = Debug|x86
		{01A43626-806A-4657-BEAC-52E0EFFCD068}.Debug|x86.Build.0 = Debug|x86
		{01A43626-806A-4657-BEAC-52E0EFFCD068}.Release|Any CPU.ActiveCfg = Release|x64
		{01A43626-806A-4657-BEAC-52E0EFFCD068}.Release|Mixed Platforms.ActiveCfg = Release|x64
		{01A43626-806A-4657-BEAC-52E0EFFCD068}.Release|Mixed Platforms.Build.0 = Release|x64
		{01A43626-806A-4657-BEAC-52E0EFFCD068}.Release|x64.ActiveCfg = Release|x64
		{01A43626-806A-4657-BEAC-52E0EFFCD068}.Release|x64.Build.0 = Release|x64
		{01A43626-806A-4657-BEAC-52E0EFFCD068}.Release|x86.ActiveCfg = Release|x86
		{01A43626-806A-4657-BEAC-52E0EFFCD068}.Release|x86.Build.0 = Release|x86
		{A6C2D141-25F0-4BFF-93BC-F9EF0CBDB3B1}.Debug|Any CPU.ActiveCfg = Debug|x64
		{A6C2D141-25F0-4BFF-93BC-F9EF0CBDB3B1}.Debug|Mixed Platforms.ActiveCfg = Debug|x64
		{A6C2D141-25F0-4BFF-93BC-F9EF0CBDB3B1}.Debug|Mixed Platforms.Build.0 = Debug|x64
		{A6C2D141-25F0-4BFF-93BC-F9EF0CBDB3B1}.Debug|x64.ActiveCfg = Debug|x64
		{A6C2D141-25F0-4BFF-93BC-F9EF0CBDB3B1}.Debug|x64.Build.0 = Debug|x64
		{A6C2D141-25F0-4BFF-93BC-F9EF0CBDB3B1}.Debug|x86.ActiveCfg = Debug|x86
		{A6C2D141-25F0-4BFF-93BC-F9EF0CBDB3B1}.Debug|x86.Build.0 = Debug|x86
		{A6C2D141-25F0-4BFF-93BC-F9EF0CBDB3B1}.Release|Any CPU.ActiveCfg = Release|x64
		{A6C2D141-25F0-4BFF-93BC-F9EF0CBDB3B1}.Release|Mixed Platforms.ActiveCfg = Release|x64
		{A6C2D141-25F0-4BFF-93BC-F9EF0CBDB3B1}.Release|Mixed Platforms.Build.0 = Release|x64
		{A6C2D141-25F0-4BFF-93BC-F9EF0CBDB3B1}.Release|x64.ActiveCfg = Release|x64
		{A6C2D141-25F0-4BFF-93BC-F9EF0CBDB3B1}.Release|x64.Build.0 = Release|x64
		{A6C2D141-25F0-4BFF-93BC-F9EF0CBDB3B1}.Release|x86.ActiveCfg = Release|x86
		{A6C2D141-25F0-4BFF-93BC-F9EF0CBDB3B1}.Release|x86.Build.0 = Release|x86
		{E7698635-4781-4A53-A16F-1800F8177A4B}.Debug|Any CPU.ActiveCfg = Debug|x64
		{E7698635-4781-4A53-A16F-1800F8177A4B}.Debug|Mixed Platforms.ActiveCfg = Debug|x64
		{E7698635-4781-4A53-A16F-1800F8177A4B}.Debug|Mixed Platforms.Build.0 = Debug|x64
		{E7698635-4781-4A53-A16F-1800F8177A4B}.Debug|x64.ActiveCfg = Debug|x64
		{E7698635-4781-4A53-A16F-1800F8177A4B}.Debug|x64.Build.0 = Debug|x64
		{E7698635-4781-4A53-A16F-1800F8177A4B}.Debug|x86.ActiveCfg = Debug|x86
		{E7698635-4781-4A53-A16F-1800F8177A4B}.Debug|x86.Build.0 = Debug|x86
		{E7698635-4781-4A53-A16F-1800F8177A4B}.Release|Any CPU.ActiveCfg = Release|x64
		{E7698635-4781-4A53-A16F-1800F8177A4B}.Release|Mixed Platforms.ActiveCfg = Release|x64
		{E7698635-4781-4A53-A16F-1800F8177A4B}.Release|Mixed Platforms.Build.0 = Release|x64
		{E7698635-4781-4A53-A16F-1800F8177A4B}.Release|x64.ActiveCfg = Release|x64
		{E7698635-4781-4A53-A16F-1800F8177A4B}.Release|x64.Build.0 = Release|x64
		{E7698635-4781-4A53-A16F-1800F8177A4B}.Release|x86.ActiveCfg = Release|x86
		{E7698635-4781-4A53-A16F-1800F8177A4B}.Release|x86.Build.0 = Release|x86
		{991296BF-95D5-4462-A7EF-574E56C679F3}.Debug|Any CPU.ActiveCfg = Debug|x64
		{991296BF-95D5-4462-A7EF-574E56C679F3}.Debug|Mixed Platforms.ActiveCfg = Debug|x64
		{991296BF-95D5-4462-A7EF-574E56C679F3}.Debug|Mixed Platforms.Build.0 = Debug|x64
		{991296BF-95D5-4462-A7EF-574E56C679F3}.Debug|x64.ActiveCfg = Debug|x64
		{991296BF-95D5-4462-A7EF-574E56C679F3}.Debug|x64.Build.0 = Debug|x64
		{991296BF-95D5-4462-A7EF-574E56C679F3}.Debug|x86.ActiveCfg = Debug|x86
		{991296BF-95D5-4462-A7EF-574E56C679F3}.Debug|x86.Build.0 = Debug|x86
		{991296BF-95D5-4462-A7EF-574E56C679F3}.Release|Any CPU.ActiveCfg = Release|x64
		{991296BF-95D5-4462-A7EF-574E56C679F3}.Release|Mixed Platforms.ActiveCfg = Release|x64
		{991296BF-95D5-4462-A7EF-574E56C679F3}.Release|Mixed Platforms.Build.0 = Release|x64
		{991296BF-95D5-4462-A7EF-574E56C679F3}.Release|x64.ActiveCfg = Release|x64
		{991296BF-95D5-4462-A7EF-574E56C679F3}.Release|x64.Build.0 = Release|x64
		{991296BF-95D5-4462-A7EF-574E56C679F3}.Release|x86.ActiveCfg = Release|x86
		{991296BF-95D5-4462-A7EF-574E56C679F3}.Release|x86.Build.0 = Release|x86
		{37DF8B7E-E52C-4B91-B439-F65611BDA121}.Debug|Any CPU.ActiveCfg = Debug|x64
		{37DF8B7E-E52C-4B91-B439-F65611BDA121}.Debug|Mixed Platforms.ActiveCfg = Debug|x64
		{37DF8B7E-E52C-4B91-B439-F65611BDA121}.Debug|Mixed Platforms.Build.0 = Debug|x64
		{37DF8B7E-E52C-4B91-B439-F65611BDA121}.Debug|x64.ActiveCfg = Debug|x64
		{37DF8B7E-E52C-4B91-B439-F65611BDA121}.Debug|x64.Build.0 = Debug|x64
		{37DF8B7E-E52C-4B91-B439-F65611BDA121}.Debug|x86.ActiveCfg = Debug|x86
		{37DF8B7E-E52C-4B91-B439-F65611BDA121}.Debug|x86.Build.0 = Debug|x86
		{37DF8B7E-E52C-4B91-B439-F65611BDA121}.Release|Any CPU.ActiveCfg = Release|x64
		{37DF8B7E-E52C-4B91-B439-F65611BDA121}.Release|Mixed Platforms.ActiveCfg = Release|x64
		{37DF8B7E-E52C-4B91-B439-F65611BDA121}.Release|Mixed Platforms.Build.0 = Release|x64
		{37DF8B7E-E52C-4B91-B439-F65611BDA121}.Release|x64.ActiveCfg = Release|x64
		{37DF8B7E-E52C-4B91-B439-F65611BDA121}.Release|x64.Build.0 = Release|x64
		{37DF8B7E-E52C-4B91-B439-F65611BDA121}.Release|x86.ActiveCfg = Release|x86
		{37DF8B7E-E52C-4B91-B439-F65611BDA121}.Release|x86.Build.0 = Release|x86
		{214C51EE-B099-4288-AD16-E423F35D1870}.Debug|Any CPU.ActiveCfg = Debug|x64
		{214C51EE-B099-4288-AD16-E423F35D1870}.Debug|Mixed Platforms.ActiveCfg = Debug|x64
		{214C51EE-B099-4288-AD16-E423F35D1870}.Debug|Mixed Platforms.Build.0 = Debug|x64
		{214C51EE-B099-4288-AD16-E423F35D1870}.Debug|x64.ActiveCfg = Debug|x64
		{214C51EE-B099-4288-AD16-E423F35D1870}.Debug|x64.Build.0 = Debug|x64
		{214C51EE-B099-4288-AD16-E423F35D1870}.Debug|x86.ActiveCfg = Debug|x86
		{214C51EE-B099-4288-AD16-E423F35D1870}.Debug|x86.Build.0 = Debug|x86
		{214C51EE-B099-4288-AD16-E423F35D1870}.Release|Any CPU.ActiveCfg = Release|x64
		{214C51EE-B099-4288-AD16-E423F35D1870}.Release|Mixed Platforms.ActiveCfg = Release|x64
		{214C51EE-B099-4288-AD16-E423F35D1870}.Release|Mixed Platforms.Build.0 = Release|x64
		{214C51EE-B099-4288-AD16-E423F35D1870}.Release|x64.ActiveCfg = Release|x64
		{214C51EE-B099-4288-AD16-E423F35D1870}.Release|x64.Build.0 = Release|x64
		{214C51EE-B099-4288-AD16-E423F35D1870}.Release|x86.ActiveCfg = Release|x86
		{214C51EE-B099-4288-AD16-E423F35D1870}.Release|x86.Build.0 = Release|x86
		{DA91A63E-958D-4478-94F7-44D12EA15F05}.Debug|Any CPU.ActiveCfg = Debug|x64
		{DA91A63E-958D-4478-94F7-44D12EA15F05}.Debug|Mixed Platforms.ActiveCfg = Debug|x64
		{DA91A63E-958D-4478-94F7-44D12EA15F05}.Debug|Mixed Platforms.Build.0 = Debug|x64
		{DA91A63E-958D-4478-94F7-44D12EA15F05}.Debug|x64.ActiveCfg = Debug|x64
		{DA91A63E-958D-4478-94F7-44D12EA15F05}.Debug|x64.Build.0 = Debug|x64
		{DA91A63E-958D-4478-94F7-44D12EA15F05}.Debug|x86.ActiveCfg = Debug|x86
		{DA91A63E-958D-4478-94F7-44D12EA15F05}.Debug|x86.Build.0 = Debug|x86
		{DA91A63E-958D-4478-94F7-44D12EA15F05}.Release|Any CPU.ActiveCfg = Release|x64
		{DA91A63E-958D-4478-94F7-44D12EA15F05}.Release|Mixed Platforms.ActiveCfg = Release|x64
		{DA91A63E-958D-4478-94F7-44D12EA15F05}.Release|Mixed Platforms.Build.0 = Release|x64
		{DA91A63E-958D-4478-94F7-44D12EA15F05}.Release|x64.ActiveCfg = Release|x64
		{DA91A63E-958D-4478-94F7-44D12EA15F05}.Release|x64.Build.0 = Release|x64
		{DA91A63E-958D-4478-94F7-44D12EA15F05}.Release|x86.ActiveCfg = Release|x86
		{DA91A63E-958D-4478-94F7-44D12EA15F05}.Release|x86.Build.0 = Release|x86
		{9E3D8616-BD44-4E0A-A67C-182473CE2453}.Debug|Any CPU.ActiveCfg = Debug|x64
		{9E3D8616-BD44-4E0A-A67C-182473CE2453}.Debug|Mixed Platforms.ActiveCfg = Debug|x64
		{9E3D8616-BD44-4E0A-A67C-182473CE2453}.Debug|Mixed Platforms.Build.0 = Debug|x64
		{9E3D8616-BD44-4E0A-A67C-182473CE2453}.Debug|x64.ActiveCfg = Debug|x64
		{9E3D8616-BD44-4E0A-A67C-182473CE2453}.Debug|x64.Build.0 = Debug|x64
		{9E3D8616-BD44-4E0A-A67C-182473CE2453}.Debug|x86.ActiveCfg = Debug|x86
		{9E3D8616-BD44-4E0A-A67C-182473CE2453}.Debug|x86.Build.0 = Debug|x86
		{9E3D8616-BD44-4E0A-A67C-182473CE2453}.Release|Any CPU.ActiveCfg = Release|x64
		{9E3D8616-BD44-4E0A-A67C-182473CE2453}.Release|Mixed Platforms.ActiveCfg = Release|x64
		{9E3D8616-BD44-4E0A-A67C-182473CE2453}.Release|Mixed Platforms.Build.0 = Release|x64
		{9E3D8616-BD44-4E0A-A67C-182473CE2453}.Release|x64.ActiveCfg = Release|x64
		{9E3D8616-BD44-4E0A-A67C-182473CE2453}.Release|x64.Build.0 = Release|x64
		{9E3D8616-BD44-4E0A-A67C-182473CE2453}.Release|x86.ActiveCfg = Release|x86
		{9E3D8616-BD44-4E0A-A67C-182473CE2453}.Release|x86.Build.0 = Release|x86
		{EC7959A4-3ACB-4619-ACCB-E6C9EA686C4D}.Debug|Any CPU.ActiveCfg = Debug|x64
		{EC7959A4-3ACB-4619-ACCB-E6C9EA686C4D}.Debug|Mixed Platforms.ActiveCfg = Debug|x64
		{EC7959A4-3ACB-4619-ACCB-E6C9EA686C4D}.Debug|Mixed Platforms.Build.0 = Debug|x64
		{EC7959A4-3ACB-4619-ACCB-E6C9EA686C4D}.Debug|x64.ActiveCfg = Debug|x64
		{EC7959A4-3ACB-4619-ACCB-E6C9EA686C4D}.Debug|x64.Build.0 = Debug|x64
		{EC7959A4-3ACB-4619-ACCB-E6C9EA686C4D}.Debug|x86.ActiveCfg = Debug|x86
		{EC7959A4-3ACB-4619-ACCB-E6C9EA686C4D}.Debug|x86.Build.0 = Debug|x86
		{EC7959A4-3ACB-4619-ACCB-E6C9EA686C4D}.Release|Any CPU.ActiveCfg = Release|x64
		{EC7959A4-3ACB-4619-ACCB-E6C9EA686C4D}.Release|Mixed Platforms.ActiveCfg = Release|x64
		{EC7959A4-3ACB-4619-ACCB-E6C9EA686C4D}.Release|Mixed Platforms.Build.0 = Release|x64
		{EC7959A4-3ACB-4619-ACCB-E6C9EA686C4D}.Release|x64.ActiveCfg = Release|x64
		{EC7959A4-3ACB-4619-ACCB-E6C9EA686C4D}.Release|x64.Build.0 = Release|x64
		{EC7959A4-3ACB-4619-ACCB-E6C9EA686C4D}.Release|x86.ActiveCfg = Release|x86
		{EC7959A4-3ACB-4619-ACCB-E6C9EA686C4D}.Release|x86.Build.0 = Release|x86
		{AC2791B0-305E-44E5-B6C1-88771BDE7860}.Debug|Any CPU.ActiveCfg = Debug|x64
		{AC2791B0-305E-44E5-B6C1-88771BDE7860}.Debug|Mixed Platforms.ActiveCfg = Debug|x64
		{AC2791B0-305E-44E5-B6C1-88771BDE7860}.Debug|Mixed Platforms.Build.0 = Debug|x64
		{AC2791B0-305E-44E5-B6C1-88771BDE7860}.Debug|x64.ActiveCfg = Debug|x64
		{AC2791B0-305E-44E5-B6C1-88771BDE7860}.Debug|x64.Build.0 = Debug|x64
		{AC2791B0-305E-44E5-B6C1-88771BDE7860}.Debug|x86.ActiveCfg = Debug|x86
		{AC2791B0-305E-44E5-B6C1-88771BDE7860}.Debug|x86.Build.0 = Debug|x86
		{AC2791B0-305E-44E5-B6C1-88771BDE7860}.Release|Any CPU.ActiveCfg = Release|x64
		{AC2791B0-305E-44E5-B6C1-88771BDE7860}.Release|Mixed Platforms.ActiveCfg = Release|x64
		{AC2791B0-305E-44E5-B6C1-88771BDE7860}.Release|Mixed Platforms.Build.0 = Release|x64
		{AC2791B0-305E-44E5-B6C1-88771BDE7860}.Release|x64.ActiveCfg = Release|x64
		{AC2791B0-305E-44E5-B6C1-88771BDE7860}.Release|x64.Build.0 = Release|x64
		{AC2791B0-305E-44E5-B6C1-88771BDE7860}.Release|x86.ActiveCfg = Release|x86
		{AC2791B0-305E-44E5-B6C1-88771BDE7860}.Release|x86.Build.0 = Release|x86
		{5D22F1C4-31D4-444C-9969-1A4A8E45405C}.Debug|Any CPU.ActiveCfg = Debug|x64
		{5D22F1C4-31D4-444C-9969-1A4A8E45405C}.Debug|Mixed Platforms.ActiveCfg = Debug|x64
		{5D22F1C4-31D4-444C-9969-1A4A8E45405C}.Debug|Mixed Platforms.Build.0 = Debug|x64
		{5D22F1C4-31D4-444C-9969-1A4A8E45405C}.Debug|x64.ActiveCfg = Debug|x64
		{5D22F1C4-31D4-444C-9969-1A4A8E45405C}.Debug|x64.Build.0 = Debug|x64
		{5D22F1C4-31D4-444C-9969-1A4A8E45405C}.Debug|x86.ActiveCfg = Debug|x86
		{5D22F1C4-31D4-444C-9969-1A4A8E45405C}.Debug|x86.Build.0 = Debug|x86
		{5D22F1C4-31D4-444C-9969-1A4A8E45405C}.Release|Any CPU.ActiveCfg = Release|x64
		{5D22F1C4-31D4-444C-9969-1A4A8E45405C}.Release|Mixed Platforms.ActiveCfg = Release|x64
		{5D22F1C4-31D4-444C-9969-1A4A8E45405C}.Release|Mixed Platforms.Build.0 = Release|x64
		{5D22F1C4-31D4-444C-9969-1A4A8E45405C}.Release|x64.ActiveCfg = Release|x64
		{5D22F1C4-31D4-444C-9969-1A4A8E45405C}.Release|x64.Build.0 = Release|x64
		{5D22F1C4-31D4-444C-9969-1A4A8E45405C}.Release|x86.ActiveCfg = Release|x86
		{5D22F1C4-31D4-444C-9969-1A4A8E45405C}.Release|x86.Build.0 = Release|x86
		{E19DA40A-2151-4A4F-A00B-565EF81B702A}.Debug|Any CPU.ActiveCfg = Debug|x64
		{E19DA40A-2151-4A4F-A00B-565EF81B702A}.Debug|Mixed Platforms.ActiveCfg = Debug|x64
		{E19DA40A-2151-4A4F-A00B-565EF81B702A}.Debug|Mixed Platforms.Build.0 = Debug|x64
		{E19DA40A-2151-4A4F-A00B-565EF81B702A}.Debug|x64.ActiveCfg = Debug|x64
		{E19DA40A-2151-4A4F-A00B-565EF81B702A}.Debug|x64.Build.0 = Debug|x64
		{E19DA40A-2151-4A4F-A00B-565EF81B702A}.Debug|x86.ActiveCfg = Debug|x86
		{E19DA40A-2151-4A4F-A00B-565EF81B702A}.Debug|x86.Build.0 = Debug|x86
		{E19DA40A-2151-4A4F-A00B-565EF81B702A}.Release|Any CPU.ActiveCfg = Release|x64
		{E19DA40A-2151-4A4F-A00B-565EF81B702A}.Release|Mixed Platforms.ActiveCfg = Release|x64
		{E19DA40A-2151-4A4F-A00B-565EF81B702A}.Release|Mixed Platforms.Build.0 = Release|x64
		{E19DA40A-2151-4A4F-A00B-565EF81B702A}.Release|x64.ActiveCfg = Release|x64
		{E19DA40A-2151-4A4F-A00B-565EF81B702A}.Release|x64.Build.0 = Release|x64
		{E19DA40A-2151-4A4F-A00B-565EF81B702A}.Release|x86.ActiveCfg = Release|x86
		{E19DA40A-2151-4A4F-A00B-565EF81B702A}.Release|x86.Build.0 = Release|x86
		{7D94A3D6-0397-4A1C-B80F-6EAB0BB39DD0}.Debug|Any CPU.ActiveCfg = Debug|x64
		{7D94A3D6-0397-4A1C-B80F-6EAB0BB39DD0}.Debug|Mixed Platforms.ActiveCfg = Debug|x64
		{7D94A3D6-0397-4A1C-B80F-6EAB0BB39DD0}.Debug|Mixed Platforms.Build.0 = Debug|x64
		{7D94A3D6-0397-4A1C-B80F-6EAB0BB39DD0}.Debug|x64.ActiveCfg = Debug|x64
		{7D94A3D6-0397-4A1C-B80F-6EAB0BB39DD0}.Debug|x64.Build.0 = Debug|x64
		{7D94A3D6-0397-4A1C-B80F-6EAB0BB39DD0}.Debug|x86.ActiveCfg = Debug|x86
		{7D94A3D6-0397-4A1C-B80F-6EAB0BB39DD0}.Debug|x86.Build.0 = Debug|x86
		{7D94A3D6-0397-4A1C-B80F-6EAB0BB39DD0}.Release|Any CPU.ActiveCfg = Release|x64
		{7D94A3D6-0397-4A1C-B80F-6EAB0BB39DD0}.Release|Mixed Platforms.ActiveCfg = Release|x64
		{7D94A3D6-0397-4A1C-B80F-6EAB0BB39DD0}.Release|Mixed Platforms.Build.0 = Release|x64
		{7D94A3D6-0397-4A1C-B80F-6EAB0BB39DD0}.Release|x64.ActiveCfg = Release|x64
		{7D94A3D6-0397-4A1C-B80F-6EAB0BB39DD0}.Release|x64.Build.0 = Release|x64
		{7D94A3D6-0397-4A1C-B80F-6EAB0BB39DD0}.Release|x86.ActiveCfg = Release|x86
		{7D94A3D6-0397-4A1C-B80F-6EAB0BB39DD0}.Release|x86.Build.0 = Release|x86
		{761258C1-88AD-44A8-94AC-AEAE00D3107E}.Debug|Any CPU.ActiveCfg = Debug|x64
		{761258C1-88AD-44A8-94AC-AEAE00D3107E}.Debug|Mixed Platforms.ActiveCfg = Debug|x64
		{761258C1-88AD-44A8-94AC-AEAE00D3107E}.Debug|Mixed Platforms.Build.0 = Debug|x64
		{761258C1-88AD-44A8-94AC-AEAE00D3107E}.Debug|x64.ActiveCfg = Debug|x64
		{761258C1-88AD-44A8-94AC-AEAE00D3107E}.Debug|x64.Build.0 = Debug|x64
		{761258C1-88AD-44A8-94AC-AEAE00D3107E}.Debug|x86.ActiveCfg = Debug|x86
		{761258C1-88AD-44A8-94AC-AEAE00D3107E}.Debug|x86.Build.0 = Debug|x86
		{761258C1-88AD-44A8-94AC-AEAE00D3107E}.Release|Any CPU.ActiveCfg = Release|x64
		{761258C1-88AD-44A8-94AC-AEAE00D3107E}.Release|Mixed Platforms.ActiveCfg = Release|x64
		{761258C1-88AD-44A8-94AC-AEAE00D3107E}.Release|Mixed Platforms.Build.0 = Release|x64
		{761258C1-88AD-44A8-94AC-AEAE00D3107E}.Release|x64.ActiveCfg = Release|x64
		{761258C1-88AD-44A8-94AC-AEAE00D3107E}.Release|x64.Build.0 = Release|x64
		{761258C1-88AD-44A8-94AC-AEAE00D3107E}.Release|x86.ActiveCfg = Release|x86
		{761258C1-88AD-44A8-94AC-AEAE00D3107E}.Release|x86.Build.0 = Release|x86
		{16D5EA67-6783-425C-8C5A-9ECCF6CD886C}.Debug|Any CPU.ActiveCfg = Debug|x64
		{16D5EA67-6783-425C-8C5A-9ECCF6CD886C}.Debug|Mixed Platforms.ActiveCfg = Debug|x64
		{16D5EA67-6783-425C-8C5A-9ECCF6CD886C}.Debug|Mixed Platforms.Build.0 = Debug|x64
		{16D5EA67-6783-425C-8C5A-9ECCF6CD886C}.Debug|x64.ActiveCfg = Debug|x64
		{16D5EA67-6783-425C-8C5A-9ECCF6CD886C}.Debug|x64.Build.0 = Debug|x64
		{16D5EA67-6783-425C-8C5A-9ECCF6CD886C}.Debug|x86.ActiveCfg = Debug|x86
		{16D5EA67-6783-425C-8C5A-9ECCF6CD886C}.Debug|x86.Build.0 = Debug|x86
		{16D5EA67-6783-425C-8C5A-9ECCF6CD886C}.Release|Any CPU.ActiveCfg = Release|x64
		{16D5EA67-6783-425C-8C5A-9ECCF6CD886C}.Release|Mixed Platforms.ActiveCfg = Release|x64
		{16D5EA67-6783-425C-8C5A-9ECCF6CD886C}.Release|Mixed Platforms.Build.0 = Release|x64
		{16D5EA67-6783-425C-8C5A-9ECCF6CD886C}.Release|x64.ActiveCfg = Release|x64
		{16D5EA67-6783-425C-8C5A-9ECCF6CD886C}.Release|x64.Build.0 = Release|x64
		{16D5EA67-6783-425C-8C5A-9ECCF6CD886C}.Release|x86.ActiveCfg = Release|x86
		{16D5EA67-6783-425C-8C5A-9ECCF6CD886C}.Release|x86.Build.0 = Release|x86
		{91BAFA98-AFBA-4CD0-BC04-AD1030C4E0F8}.Debug|Any CPU.ActiveCfg = Debug|x64
		{91BAFA98-AFBA-4CD0-BC04-AD1030C4E0F8}.Debug|Mixed Platforms.ActiveCfg = Debug|x64
		{91BAFA98-AFBA-4CD0-BC04-AD1030C4E0F8}.Debug|Mixed Platforms.Build.0 = Debug|x64
		{91BAFA98-AFBA-4CD0-BC04-AD1030C4E0F8}.Debug|x64.ActiveCfg = Debug|x64
		{91BAFA98-AFBA-4CD0-BC04-AD1030C4E0F8}.Debug|x64.Build.0 = Debug|x64
		{91BAFA98-AFBA-4CD0-BC04-AD1030C4E0F8}.Debug|x86.ActiveCfg = Debug|x86
		{91BAFA98-AFBA-4CD0-BC04-AD1030C4E0F8}.Debug|x86.Build.0 = Debug|x86
		{91BAFA98-AFBA-4CD0-BC04-AD1030C4E0F8}.Release|Any CPU.ActiveCfg = Release|x64
		{91BAFA98-AFBA-4CD0-BC04-AD1030C4E0F8}.Release|Mixed Platforms.ActiveCfg = Release|x64
		{91BAFA98-AFBA-4CD0-BC04-AD1030C4E0F8}.Release|Mixed Platforms.Build.0 = Release|x64
		{91BAFA98-AFBA-4CD0-BC04-AD1030C4E0F8}.Release|x64.ActiveCfg = Release|x64
		{91BAFA98-AFBA-4CD0-BC04-AD1030C4E0F8}.Release|x64.Build.0 = Release|x64
		{91BAFA98-AFBA-4CD0-BC04-AD1030C4E0F8}.Release|x86.ActiveCfg = Release|x86
		{91BAFA98-AFBA-4CD0-BC04-AD1030C4E0F8}.Release|x86.Build.0 = Release|x86
		{54018AEE-9ED4-4D55-ADBD-EA8F44601F97}.Debug|Any CPU.ActiveCfg = Debug|x64
		{54018AEE-9ED4-4D55-ADBD-EA8F44601F97}.Debug|Mixed Platforms.ActiveCfg = Debug|x64
		{54018AEE-9ED4-4D55-ADBD-EA8F44601F97}.Debug|Mixed Platforms.Build.0 = Debug|x64
		{54018AEE-9ED4-4D55-ADBD-EA8F44601F97}.Debug|x64.ActiveCfg = Debug|x64
		{54018AEE-9ED4-4D55-ADBD-EA8F44601F97}.Debug|x64.Build.0 = Debug|x64
		{54018AEE-9ED4-4D55-ADBD-EA8F44601F97}.Debug|x86.ActiveCfg = Debug|x86
		{54018AEE-9ED4-4D55-ADBD-EA8F44601F97}.Debug|x86.Build.0 = Debug|x86
		{54018AEE-9ED4-4D55-ADBD-EA8F44601F97}.Release|Any CPU.ActiveCfg = Release|x64
		{54018AEE-9ED4-4D55-ADBD-EA8F44601F97}.Release|Mixed Platforms.ActiveCfg = Release|x64
		{54018AEE-9ED4-4D55-ADBD-EA8F44601F97}.Release|Mixed Platforms.Build.0 = Release|x64
		{54018AEE-9ED4-4D55-ADBD-EA8F44601F97}.Release|x64.ActiveCfg = Release|x64
		{54018AEE-9ED4-4D55-ADBD-EA8F44601F97}.Release|x64.Build.0 = Release|x64
		{54018AEE-9ED4-4D55-ADBD-EA8F44601F97}.Release|x86.ActiveCfg = Release|x86
		{54018AEE-9ED4-4D55-ADBD-EA8F44601F97}.Release|x86.Build.0 = Release|x86
		{1CEFD1B8-E842-4BBB-B965-72E1DD6D4DE6}.Debug|Any CPU.ActiveCfg = Debug|x64
		{1CEFD1B8-E842-4BBB-B965-72E1DD6D4DE6}.Debug|Mixed Platforms.ActiveCfg = Debug|x64
		{1CEFD1B8-E842-4BBB-B965-72E1DD6D4DE6}.Debug|Mixed Platforms.Build.0 = Debug|x64
		{1CEFD1B8-E842-4BBB-B965-72E1DD6D4DE6}.Debug|x64.ActiveCfg = Debug|x64
		{1CEFD1B8-E842-4BBB-B965-72E1DD6D4DE6}.Debug|x64.Build.0 = Debug|x64
		{1CEFD1B8-E842-4BBB-B965-72E1DD6D4DE6}.Debug|x86.ActiveCfg = Debug|x86
		{1CEFD1B8-E842-4BBB-B965-72E1DD6D4DE6}.Debug|x86.Build.0 = Debug|x86
		{1CEFD1B8-E842-4BBB-B965-72E1DD6D4DE6}.Release|Any CPU.ActiveCfg = Release|x64
		{1CEFD1B8-E842-4BBB-B965-72E1DD6D4DE6}.Release|Mixed Platforms.ActiveCfg = Release|x64
		{1CEFD1B8-E842-4BBB-B965-72E1DD6D4DE6}.Release|Mixed Platforms.Build.0 = Release|x64
		{1CEFD1B8-E842-4BBB-B965-72E1DD6D4DE6}.Release|x64.ActiveCfg = Release|x64
		{1CEFD1B8-E842-4BBB-B965-72E1DD6D4DE6}.Release|x64.Build.0 = Release|x64
		{1CEFD1B8-E842-4BBB-B965-72E1DD6D4DE6}.Release|x86.ActiveCfg = Release|x86
		{1CEFD1B8-E842-4BBB-B965-72E1DD6D4DE6}.Release|x86.Build.0 = Release|x86
		{BBCDCC8A-C921-430F-990F-B7FC1DB2E4E4}.Debug|Any CPU.ActiveCfg = Debug|x64
		{BBCDCC8A-C921-430F-990F-B7FC1DB2E4E4}.Debug|Mixed Platforms.ActiveCfg = Debug|x64
		{BBCDCC8A-C921-430F-990F-B7FC1DB2E4E4}.Debug|Mixed Platforms.Build.0 = Debug|x64
		{BBCDCC8A-C921-430F-990F-B7FC1DB2E4E4}.Debug|x64.ActiveCfg = Debug|x64
		{BBCDCC8A-C921-430F-990F-B7FC1DB2E4E4}.Debug|x64.Build.0 = Debug|x64
		{BBCDCC8A-C921-430F-990F-B7FC1DB2E4E4}.Debug|x86.ActiveCfg = Debug|x86
		{BBCDCC8A-C921-430F-990F-B7FC1DB2E4E4}.Debug|x86.Build.0 = Debug|x86
		{BBCDCC8A-C921-430F-990F-B7FC1DB2E4E4}.Release|Any CPU.ActiveCfg = Release|x64
		{BBCDCC8A-C921-430F-990F-B7FC1DB2E4E4}.Release|Mixed Platforms.ActiveCfg = Release|x64
		{BBCDCC8A-C921-430F-990F-B7FC1DB2E4E4}.Release|Mixed Platforms.Build.0 = Release|x64
		{BBCDCC8A-C921-430F-990F-B7FC1DB2E4E4}.Release|x64.ActiveCfg = Release|x64
		{BBCDCC8A-C921-430F-990F-B7FC1DB2E4E4}.Release|x64.Build.0 = Release|x64
		{BBCDCC8A-C921-430F-990F-B7FC1DB2E4E4}.Release|x86.ActiveCfg = Release|x86
		{BBCDCC8A-C921-430F-990F-B7FC1DB2E4E4}.Release|x86.Build.0 = Release|x86
		{6E6F4849-39C6-42F3-BE1C-477420CE8CF9}.Debug|Any CPU.ActiveCfg = Debug|x64
		{6E6F4849-39C6-42F3-BE1C-477420CE8CF9}.Debug|Mixed Platforms.ActiveCfg = Debug|x64
		{6E6F4849-39C6-42F3-BE1C-477420CE8CF9}.Debug|Mixed Platforms.Build.0 = Debug|x64
		{6E6F4849-39C6-42F3-BE1C-477420CE8CF9}.Debug|x64.ActiveCfg = Debug|x64
		{6E6F4849-39C6-42F3-BE1C-477420CE8CF9}.Debug|x64.Build.0 = Debug|x64
		{6E6F4849-39C6-42F3-BE1C-477420CE8CF9}.Debug|x86.ActiveCfg = Debug|x86
		{6E6F4849-39C6-42F3-BE1C-477420CE8CF9}.Debug|x86.Build.0 = Debug|x86
		{6E6F4849-39C6-42F3-BE1C-477420CE8CF9}.Release|Any CPU.ActiveCfg = Release|x64
		{6E6F4849-39C6-42F3-BE1C-477420CE8CF9}.Release|Mixed Platforms.ActiveCfg = Release|x64
		{6E6F4849-39C6-42F3-BE1C-477420CE8CF9}.Release|Mixed Platforms.Build.0 = Release|x64
		{6E6F4849-39C6-42F3-BE1C-477420CE8CF9}.Release|x64.ActiveCfg = Release|x64
		{6E6F4849-39C6-42F3-BE1C-477420CE8CF9}.Release|x64.Build.0 = Release|x64
		{6E6F4849-39C6-42F3-BE1C-477420CE8CF9}.Release|x86.ActiveCfg = Release|x86
		{6E6F4849-39C6-42F3-BE1C-477420CE8CF9}.Release|x86.Build.0 = Release|x86
		{2A5A42E3-AC6B-4312-968B-9FEEEA8C8286}.Debug|Any CPU.ActiveCfg = Debug|x64
		{2A5A42E3-AC6B-4312-968B-9FEEEA8C8286}.Debug|Mixed Platforms.ActiveCfg = Debug|x64
		{2A5A42E3-AC6B-4312-968B-9FEEEA8C8286}.Debug|Mixed Platforms.Build.0 = Debug|x64
		{2A5A42E3-AC6B-4312-968B-9FEEEA8C8286}.Debug|x64.ActiveCfg = Debug|x64
		{2A5A42E3-AC6B-4312-968B-9FEEEA8C8286}.Debug|x64.Build.0 = Debug|x64
		{2A5A42E3-AC6B-4312-968B-9FEEEA8C8286}.Debug|x86.ActiveCfg = Debug|x86
		{2A5A42E3-AC6B-4312-968B-9FEEEA8C8286}.Debug|x86.Build.0 = Debug|x86
		{2A5A42E3-AC6B-4312-968B-9FEEEA8C8286}.Release|Any CPU.ActiveCfg = Release|x64
		{2A5A42E3-AC6B-4312-968B-9FEEEA8C8286}.Release|Mixed Platforms.ActiveCfg = Release|x64
		{2A5A42E3-AC6B-4312-968B-9FEEEA8C8286}.Release|Mixed Platforms.Build.0 = Release|x64
		{2A5A42E3-AC6B-4312-968B-9FEEEA8C8286}.Release|x64.ActiveCfg = Release|x64
		{2A5A42E3-AC6B-4312-968B-9FEEEA8C8286}.Release|x64.Build.0 = Release|x64
		{2A5A42E3-AC6B-4312-968B-9FEEEA8C8286}.Release|x86.ActiveCfg = Release|x86
		{2A5A42E3-AC6B-4312-968B-9FEEEA8C8286}.Release|x86.Build.0 = Release|x86
		{A67BD599-72DF-40F6-B632-AFB22B4B3D18}.Debug|Any CPU.ActiveCfg = Debug|x64
		{A67BD599-72DF-40F6-B632-AFB22B4B3D18}.Debug|Mixed Platforms.ActiveCfg = Debug|x64
		{A67BD599-72DF-40F6-B632-AFB22B4B3D18}.Debug|Mixed Platforms.Build.0 = Debug|x64
		{A67BD599-72DF-40F6-B632-AFB22B4B3D18}.Debug|x64.ActiveCfg = Debug|x64
		{A67BD599-72DF-40F6-B632-AFB22B4B3D18}.Debug|x64.Build.0 = Debug|x64
		{A67BD599-72DF-40F6-B632-AFB22B4B3D18}.Debug|x86.ActiveCfg = Debug|x86
		{A67BD599-72DF-40F6-B632-AFB22B4B3D18}.Debug|x86.Build.0 = Debug|x86
		{A67BD599-72DF-40F6-B632-AFB22B4B3D18}.Release|Any CPU.ActiveCfg = Release|x64
		{A67BD599-72DF-40F6-B632-AFB22B4B3D18}.Release|Mixed Platforms.ActiveCfg = Release|x64
		{A67BD599-72DF-40F6-B632-AFB22B4B3D18}.Release|Mixed Platforms.Build.0 = Release|x64
		{A67BD599-72DF-40F6-B632-AFB22B4B3D18}.Release|x64.ActiveCfg = Release|x64
		{A67BD599-72DF-40F6-B632-AFB22B4B3D18}.Release|x64.Build.0 = Release|x64
		{A67BD599-72DF-40F6-B632-AFB22B4B3D18}.Release|x86.ActiveCfg = Release|x86
		{A67BD599-72DF-40F6-B632-AFB22B4B3D18}.Release|x86.Build.0 = Release|x86
		{560852A4-AF6A-4440-BC97-9A5453DDD5FC}.Debug|Any CPU.ActiveCfg = Debug|x64
		{560852A4-AF6A-4440-BC97-9A5453DDD5FC}.Debug|Mixed Platforms.ActiveCfg = Debug|x64
		{560852A4-AF6A-4440-BC97-9A5453DDD5FC}.Debug|Mixed Platforms.Build.0 = Debug|x64
		{560852A4-AF6A-4440-BC97-9A5453DDD5FC}.Debug|x64.ActiveCfg = Debug|x64
		{560852A4-AF6A-4440-BC97-9A5453DDD5FC}.Debug|x64.Build.0 = Debug|x64
		{560852A4-AF6A-4440-BC97-9A5453DDD5FC}.Debug|x86.ActiveCfg = Debug|x86
		{560852A4-AF6A-4440-BC97-9A5453DDD5FC}.Debug|x86.Build.0 = Debug|x86
		{560852A4-AF6A-4440-BC97-9A5453DDD5FC}.Release|Any CPU.ActiveCfg = Release|x64
		{560852A4-AF6A-4440-BC97-9A5453DDD5FC}.Release|Mixed Platforms.ActiveCfg = Release|x64
		{560852A4-AF6A-4440-BC97-9A5453DDD5FC}.Release|Mixed Platforms.Build.0 = Release|x64
		{560852A4-AF6A-4440-BC97-9A5453DDD5FC}.Release|x64.ActiveCfg = Release|x64
		{560852A4-AF6A-4440-BC97-9A5453DDD5FC}.Release|x64.Build.0 = Release|x64
		{560852A4-AF6A-4440-BC97-9A5453DDD5FC}.Release|x86.ActiveCfg = Release|x86
		{560852A4-AF6A-4440-BC97-9A5453DDD5FC}.Release|x86.Build.0 = Release|x86
		{B26507AE-B7E4-4E3B-8643-1F3A7B8F8224}.Debug|Any CPU.ActiveCfg = Debug|x64
		{B26507AE-B7E4-4E3B-8643-1F3A7B8F8224}.Debug|Mixed Platforms.ActiveCfg = Debug|x64
		{B26507AE-B7E4-4E3B-8643-1F3A7B8F8224}.Debug|Mixed Platforms.Build.0 = Debug|x64
		{B26507AE-B7E4-4E3B-8643-1F3A7B8F8224}.Debug|x64.ActiveCfg = Debug|x64
		{B26507AE-B7E4-4E3B-8643-1F3A7B8F8224}.Debug|x64.Build.0 = Debug|x64
		{B26507AE-B7E4-4E3B-8643-1F3A7B8F8224}.Debug|x86.ActiveCfg = Debug|x86
		{B26507AE-B7E4-4E3B-8643-1F3A7B8F8224}.Debug|x86.Build.0 = Debug|x86
		{B26507AE-B7E4-4E3B-8643-1F3A7B8F8224}.Release|Any CPU.ActiveCfg = Release|x64
		{B26507AE-B7E4-4E3B-8643-1F3A7B8F8224}.Release|Mixed Platforms.ActiveCfg = Release|x64
		{B26507AE-B7E4-4E3B-8643-1F3A7B8F8224}.Release|Mixed Platforms.Build.0 = Release|x64
		{B26507AE-B7E4-4E3B-8643-1F3A7B8F8224}.Release|x64.ActiveCfg = Release|x64
		{B26507AE-B7E4-4E3B-8643-1F3A7B8F8224}.Release|x64.Build.0 = Release|x64
		{B26507AE-B7E4-4E3B-8643-1F3A7B8F8224}.Release|x86.ActiveCfg = Release|x86
		{B26507AE-B7E4-4E3B-8643-1F3A7B8F8224}.Release|x86.Build.0 = Release|x86
		{7E841F70-E81D-4AB8-B387-DD7383202915}.Debug|Any CPU.ActiveCfg = Debug|x64
		{7E841F70-E81D-4AB8-B387-DD7383202915}.Debug|Mixed Platforms.ActiveCfg = Debug|x64
		{7E841F70-E81D-4AB8-B387-DD7383202915}.Debug|Mixed Platforms.Build.0 = Debug|x64
		{7E841F70-E81D-4AB8-B387-DD7383202915}.Debug|x64.ActiveCfg = Debug|x64
		{7E841F70-E81D-4AB8-B387-DD7383202915}.Debug|x64.Build.0 = Debug|x64
		{7E841F70-E81D-4AB8-B387-DD7383202915}.Debug|x86.ActiveCfg = Debug|x86
		{7E841F70-E81D-4AB8-B387-DD7383202915}.Debug|x86.Build.0 = Debug|x86
		{7E841F70-E81D-4AB8-B387-DD7383202915}.Release|Any CPU.ActiveCfg = Release|x64
		{7E841F70-E81D-4AB8-B387-DD7383202915}.Release|Mixed Platforms.ActiveCfg = Release|x64
		{7E841F70-E81D-4AB8-B387-DD7383202915}.Release|Mixed Platforms.Build.0 = Release|x64
		{7E841F70-E81D-4AB8-B387-DD7383202915}.Release|x64.ActiveCfg = Release|x64
		{7E841F70-E81D-4AB8-B387-DD7383202915}.Release|x64.Build.0 = Release|x64
		{7E841F70-E81D-4AB8-B387-DD7383202915}.Release|x86.ActiveCfg = Release|x86
		{7E841F70-E81D-4AB8-B387-DD7383202915}.Release|x86.Build.0 = Release|x86
		{26F55E96-54A0-4B3C-AA1D-7FF13CD7D12E}.Debug|Any CPU.ActiveCfg = Debug|x64
		{26F55E96-54A0-4B3C-AA1D-7FF13CD7D12E}.Debug|Mixed Platforms.ActiveCfg = Debug|x64
		{26F55E96-54A0-4B3C-AA1D-7FF13CD7D12E}.Debug|Mixed Platforms.Build.0 = Debug|x64
		{26F55E96-54A0-4B3C-AA1D-7FF13CD7D12E}.Debug|x64.ActiveCfg = Debug|x64
		{26F55E96-54A0-4B3C-AA1D-7FF13CD7D12E}.Debug|x64.Build.0 = Debug|x64
		{26F55E96-54A0-4B3C-AA1D-7FF13CD7D12E}.Debug|x86.ActiveCfg = Debug|x86
		{26F55E96-54A0-4B3C-AA1D-7FF13CD7D12E}.Debug|x86.Build.0 = Debug|x86
		{26F55E96-54A0-4B3C-AA1D-7FF13CD7D12E}.Release|Any CPU.ActiveCfg = Release|x64
		{26F55E96-54A0-4B3C-AA1D-7FF13CD7D12E}.Release|Mixed Platforms.ActiveCfg = Release|x64
		{26F55E96-54A0-4B3C-AA1D-7FF13CD7D12E}.Release|Mixed Platforms.Build.0 = Release|x64
		{26F55E96-54A0-4B3C-AA1D-7FF13CD7D12E}.Release|x64.ActiveCfg = Release|x64
		{26F55E96-54A0-4B3C-AA1D-7FF13CD7D12E}.Release|x64.Build.0 = Release|x64
		{26F55E96-54A0-4B3C-AA1D-7FF13CD7D12E}.Release|x86.ActiveCfg = Release|x86
		{26F55E96-54A0-4B3C-AA1D-7FF13CD7D12E}.Release|x86.Build.0 = Release|x86
		{AE19CF24-90CF-4BA2-9336-374DC8AE7AE4}.Debug|Any CPU.ActiveCfg = Debug|x64
		{AE19CF24-90CF-4BA2-9336-374DC8AE7AE4}.Debug|Mixed Platforms.ActiveCfg = Debug|x64
		{AE19CF24-90CF-4BA2-9336-374DC8AE7AE4}.Debug|Mixed Platforms.Build.0 = Debug|x64
		{AE19CF24-90CF-4BA2-9336-374DC8AE7AE4}.Debug|x64.ActiveCfg = Debug|x64
		{AE19CF24-90CF-4BA2-9336-374DC8AE7AE4}.Debug|x64.Build.0 = Debug|x64
		{AE19CF24-90CF-4BA2-9336-374DC8AE7AE4}.Debug|x86.ActiveCfg = Debug|x86
		{AE19CF24-90CF-4BA2-9336-374DC8AE7AE4}.Debug|x86.Build.0 = Debug|x86
		{AE19CF24-90CF-4BA2-9336-374DC8AE7AE4}.Release|Any CPU.ActiveCfg = Release|x64
		{AE19CF24-90CF-4BA2-9336-374DC8AE7AE4}.Release|Mixed Platforms.ActiveCfg = Release|x64
		{AE19CF24-90CF-4BA2-9336-374DC8AE7AE4}.Release|Mixed Platforms.Build.0 = Release|x64
		{AE19CF24-90CF-4BA2-9336-374DC8AE7AE4}.Release|x64.ActiveCfg = Release|x64
		{AE19CF24-90CF-4BA2-9336-374DC8AE7AE4}.Release|x64.Build.0 = Release|x64
		{AE19CF24-90CF-4BA2-9336-374DC8AE7AE4}.Release|x86.ActiveCfg = Release|x86
		{AE19CF24-90CF-4BA2-9336-374DC8AE7AE4}.Release|x86.Build.0 = Release|x86
		{6A23DFD5-8894-4ABA-BA81-7AB2A7DAD552}.Debug|Any CPU.ActiveCfg = Debug|x64
		{6A23DFD5-8894-4ABA-BA81-7AB2A7DAD552}.Debug|Mixed Platforms.ActiveCfg = Debug|x64
		{6A23DFD5-8894-4ABA-BA81-7AB2A7DAD552}.Debug|Mixed Platforms.Build.0 = Debug|x64
		{6A23DFD5-8894-4ABA-BA81-7AB2A7DAD552}.Debug|x64.ActiveCfg = Debug|x64
		{6A23DFD5-8894-4ABA-BA81-7AB2A7DAD552}.Debug|x64.Build.0 = Debug|x64
		{6A23DFD5-8894-4ABA-BA81-7AB2A7DAD552}.Debug|x86.ActiveCfg = Debug|x86
		{6A23DFD5-8894-4ABA-BA81-7AB2A7DAD552}.Debug|x86.Build.0 = Debug|x86
		{6A23DFD5-8894-4ABA-BA81-7AB2A7DAD552}.Release|Any CPU.ActiveCfg = Release|x64
		{6A23DFD5-8894-4ABA-BA81-7AB2A7DAD552}.Release|Mixed Platforms.ActiveCfg = Release|x64
		{6A23DFD5-8894-4ABA-BA81-7AB2A7DAD552}.Release|Mixed Platforms.Build.0 = Release|x64
		{6A23DFD5-8894-4ABA-BA81-7AB2A7DAD552}.Release|x64.ActiveCfg = Release|x64
		{6A23DFD5-8894-4ABA-BA81-7AB2A7DAD552}.Release|x64.Build.0 = Release|x64
		{6A23DFD5-8894-4ABA-BA81-7AB2A7DAD552}.Release|x86.ActiveCfg = Release|x86
		{6A23DFD5-8894-4ABA-BA81-7AB2A7DAD552}.Release|x86.Build.0 = Release|x86
		{EF17C80A-380F-43FE-BA27-6841F9C4CF66}.Debug|Any CPU.ActiveCfg = Debug|x86
		{EF17C80A-380F-43FE-BA27-6841F9C4CF66}.Debug|Mixed Platforms.ActiveCfg = Debug|x86
		{EF17C80A-380F-43FE-BA27-6841F9C4CF66}.Debug|Mixed Platforms.Build.0 = Debug|x86
		{EF17C80A-380F-43FE-BA27-6841F9C4CF66}.Debug|x64.ActiveCfg = Debug|x64
		{EF17C80A-380F-43FE-BA27-6841F9C4CF66}.Debug|x64.Build.0 = Debug|x64
		{EF17C80A-380F-43FE-BA27-6841F9C4CF66}.Debug|x86.ActiveCfg = Debug|x86
		{EF17C80A-380F-43FE-BA27-6841F9C4CF66}.Debug|x86.Build.0 = Debug|x86
		{EF17C80A-380F-43FE-BA27-6841F9C4CF66}.Release|Any CPU.ActiveCfg = Release|x86
		{EF17C80A-380F-43FE-BA27-6841F9C4CF66}.Release|Mixed Platforms.ActiveCfg = Release|x86
		{EF17C80A-380F-43FE-BA27-6841F9C4CF66}.Release|Mixed Platforms.Build.0 = Release|x86
		{EF17C80A-380F-43FE-BA27-6841F9C4CF66}.Release|x64.ActiveCfg = Release|x64
		{EF17C80A-380F-43FE-BA27-6841F9C4CF66}.Release|x64.Build.0 = Release|x64
		{EF17C80A-380F-43FE-BA27-6841F9C4CF66}.Release|x86.ActiveCfg = Release|x86
		{EF17C80A-380F-43FE-BA27-6841F9C4CF66}.Release|x86.Build.0 = Release|x86
		{31643F2E-F354-48F3-9610-BCCEB4808AD1}.Debug|Any CPU.ActiveCfg = Debug|Any CPU
		{31643F2E-F354-48F3-9610-BCCEB4808AD1}.Debug|Any CPU.Build.0 = Debug|Any CPU
		{31643F2E-F354-48F3-9610-BCCEB4808AD1}.Debug|Mixed Platforms.ActiveCfg = Debug|Any CPU
		{31643F2E-F354-48F3-9610-BCCEB4808AD1}.Debug|Mixed Platforms.Build.0 = Debug|Any CPU
		{31643F2E-F354-48F3-9610-BCCEB4808AD1}.Debug|x64.ActiveCfg = Debug|x64
		{31643F2E-F354-48F3-9610-BCCEB4808AD1}.Debug|x64.Build.0 = Debug|x64
		{31643F2E-F354-48F3-9610-BCCEB4808AD1}.Debug|x86.ActiveCfg = Debug|x86
		{31643F2E-F354-48F3-9610-BCCEB4808AD1}.Debug|x86.Build.0 = Debug|x86
		{31643F2E-F354-48F3-9610-BCCEB4808AD1}.Release|Any CPU.ActiveCfg = Release|Any CPU
		{31643F2E-F354-48F3-9610-BCCEB4808AD1}.Release|Any CPU.Build.0 = Release|Any CPU
		{31643F2E-F354-48F3-9610-BCCEB4808AD1}.Release|Mixed Platforms.ActiveCfg = Release|Any CPU
		{31643F2E-F354-48F3-9610-BCCEB4808AD1}.Release|Mixed Platforms.Build.0 = Release|Any CPU
		{31643F2E-F354-48F3-9610-BCCEB4808AD1}.Release|x64.ActiveCfg = Release|x64
		{31643F2E-F354-48F3-9610-BCCEB4808AD1}.Release|x64.Build.0 = Release|x64
		{31643F2E-F354-48F3-9610-BCCEB4808AD1}.Release|x86.ActiveCfg = Release|x86
		{31643F2E-F354-48F3-9610-BCCEB4808AD1}.Release|x86.Build.0 = Release|x86
		{4B00E93D-0ABD-48F4-808E-7D8435293CD8}.Debug|Any CPU.ActiveCfg = Debug|Any CPU
		{4B00E93D-0ABD-48F4-808E-7D8435293CD8}.Debug|Any CPU.Build.0 = Debug|Any CPU
		{4B00E93D-0ABD-48F4-808E-7D8435293CD8}.Debug|Mixed Platforms.ActiveCfg = Debug|Any CPU
		{4B00E93D-0ABD-48F4-808E-7D8435293CD8}.Debug|Mixed Platforms.Build.0 = Debug|Any CPU
		{4B00E93D-0ABD-48F4-808E-7D8435293CD8}.Debug|x64.ActiveCfg = Debug|x64
		{4B00E93D-0ABD-48F4-808E-7D8435293CD8}.Debug|x64.Build.0 = Debug|x64
		{4B00E93D-0ABD-48F4-808E-7D8435293CD8}.Debug|x86.ActiveCfg = Debug|x86
		{4B00E93D-0ABD-48F4-808E-7D8435293CD8}.Debug|x86.Build.0 = Debug|x86
		{4B00E93D-0ABD-48F4-808E-7D8435293CD8}.Release|Any CPU.ActiveCfg = Release|Any CPU
		{4B00E93D-0ABD-48F4-808E-7D8435293CD8}.Release|Any CPU.Build.0 = Release|Any CPU
		{4B00E93D-0ABD-48F4-808E-7D8435293CD8}.Release|Mixed Platforms.ActiveCfg = Release|Any CPU
		{4B00E93D-0ABD-48F4-808E-7D8435293CD8}.Release|Mixed Platforms.Build.0 = Release|Any CPU
		{4B00E93D-0ABD-48F4-808E-7D8435293CD8}.Release|x64.ActiveCfg = Release|x64
		{4B00E93D-0ABD-48F4-808E-7D8435293CD8}.Release|x64.Build.0 = Release|x64
		{4B00E93D-0ABD-48F4-808E-7D8435293CD8}.Release|x86.ActiveCfg = Release|x86
		{4B00E93D-0ABD-48F4-808E-7D8435293CD8}.Release|x86.Build.0 = Release|x86
		{B55F7E04-5B59-426F-BA4B-1A4C8B0A2C7E}.Debug|Any CPU.ActiveCfg = Debug|Any CPU
		{B55F7E04-5B59-426F-BA4B-1A4C8B0A2C7E}.Debug|Any CPU.Build.0 = Debug|Any CPU
		{B55F7E04-5B59-426F-BA4B-1A4C8B0A2C7E}.Debug|Mixed Platforms.ActiveCfg = Debug|Any CPU
		{B55F7E04-5B59-426F-BA4B-1A4C8B0A2C7E}.Debug|Mixed Platforms.Build.0 = Debug|Any CPU
		{B55F7E04-5B59-426F-BA4B-1A4C8B0A2C7E}.Debug|x64.ActiveCfg = Debug|x64
		{B55F7E04-5B59-426F-BA4B-1A4C8B0A2C7E}.Debug|x64.Build.0 = Debug|x64
		{B55F7E04-5B59-426F-BA4B-1A4C8B0A2C7E}.Debug|x86.ActiveCfg = Debug|x86
		{B55F7E04-5B59-426F-BA4B-1A4C8B0A2C7E}.Debug|x86.Build.0 = Debug|x86
		{B55F7E04-5B59-426F-BA4B-1A4C8B0A2C7E}.Release|Any CPU.ActiveCfg = Release|Any CPU
		{B55F7E04-5B59-426F-BA4B-1A4C8B0A2C7E}.Release|Any CPU.Build.0 = Release|Any CPU
		{B55F7E04-5B59-426F-BA4B-1A4C8B0A2C7E}.Release|Mixed Platforms.ActiveCfg = Release|Any CPU
		{B55F7E04-5B59-426F-BA4B-1A4C8B0A2C7E}.Release|Mixed Platforms.Build.0 = Release|Any CPU
		{B55F7E04-5B59-426F-BA4B-1A4C8B0A2C7E}.Release|x64.ActiveCfg = Release|x64
		{B55F7E04-5B59-426F-BA4B-1A4C8B0A2C7E}.Release|x64.Build.0 = Release|x64
		{B55F7E04-5B59-426F-BA4B-1A4C8B0A2C7E}.Release|x86.ActiveCfg = Release|x86
		{B55F7E04-5B59-426F-BA4B-1A4C8B0A2C7E}.Release|x86.Build.0 = Release|x86
	EndGlobalSection
	GlobalSection(SolutionProperties) = preSolution
		HideSolutionNode = FALSE
	EndGlobalSection
	GlobalSection(NestedProjects) = preSolution
		{21525A2B-CBDF-4BEA-8B80-C475A9B1D73A} = {7D132DF0-3848-4267-AFD0-A0113BF49D40}
		{032494FE-1B0E-4FCB-B51A-45AAFFDED5B2} = {7D132DF0-3848-4267-AFD0-A0113BF49D40}
		{4DB3393D-C2F8-4124-A87D-CDBC156198D5} = {21525A2B-CBDF-4BEA-8B80-C475A9B1D73A}
		{EF17C80A-380F-43FE-BA27-6841F9C4CF66} = {21525A2B-CBDF-4BEA-8B80-C475A9B1D73A}
		{31643F2E-F354-48F3-9610-BCCEB4808AD1} = {21525A2B-CBDF-4BEA-8B80-C475A9B1D73A}
		{4B00E93D-0ABD-48F4-808E-7D8435293CD8} = {21525A2B-CBDF-4BEA-8B80-C475A9B1D73A}
		{B55F7E04-5B59-426F-BA4B-1A4C8B0A2C7E} = {21525A2B-CBDF-4BEA-8B80-C475A9B1D73A}
		{72261C54-BBED-4E7A-9EA0-610A09BA47AD} = {5FAB0B8E-1A1C-4385-BCF8-B889196DB1B5}
		{B0B37DBF-4F55-4E54-AC12-A7AC4203788C} = {5FAB0B8E-1A1C-4385-BCF8-B889196DB1B5}
		{95D36496-23B1-4DED-A8A3-043022B574B3} = {5FAB0B8E-1A1C-4385-BCF8-B889196DB1B5}
		{ED3890BA-5F23-4989-80F4-D87BF1EF8F9C} = {5FAB0B8E-1A1C-4385-BCF8-B889196DB1B5}
		{89937816-518C-4E04-B6E5-9F5218337E4B} = {5FAB0B8E-1A1C-4385-BCF8-B889196DB1B5}
		{89128E13-DA62-43ED-ABCD-686888D1BB2B} = {5FAB0B8E-1A1C-4385-BCF8-B889196DB1B5}
		{84423F30-093B-4345-A417-409C79FD945E} = {72261C54-BBED-4E7A-9EA0-610A09BA47AD}
		{A67BD599-72DF-40F6-B632-AFB22B4B3D18} = {72261C54-BBED-4E7A-9EA0-610A09BA47AD}
		{C4536E30-DC91-4AA4-8860-ECBDAF1AE4DE} = {B0B37DBF-4F55-4E54-AC12-A7AC4203788C}
		{01A43626-806A-4657-BEAC-52E0EFFCD068} = {B0B37DBF-4F55-4E54-AC12-A7AC4203788C}
		{A6C2D141-25F0-4BFF-93BC-F9EF0CBDB3B1} = {B0B37DBF-4F55-4E54-AC12-A7AC4203788C}
		{588A3C5F-C021-480E-B413-AEF2DEC4F97F} = {95D36496-23B1-4DED-A8A3-043022B574B3}
		{54018AEE-9ED4-4D55-ADBD-EA8F44601F97} = {95D36496-23B1-4DED-A8A3-043022B574B3}
		{A32D1859-83FC-43B8-A66D-E7F8A80772B1} = {ED3890BA-5F23-4989-80F4-D87BF1EF8F9C}
		{49D6179A-5489-4CB0-A4AE-F40DB88B78B7} = {89937816-518C-4E04-B6E5-9F5218337E4B}
		{AE19CF24-90CF-4BA2-9336-374DC8AE7AE4} = {89937816-518C-4E04-B6E5-9F5218337E4B}
		{6A23DFD5-8894-4ABA-BA81-7AB2A7DAD552} = {89937816-518C-4E04-B6E5-9F5218337E4B}
		{12D9B0D9-EA30-4268-8552-120DD86315B2} = {89128E13-DA62-43ED-ABCD-686888D1BB2B}
		{A071F234-7B29-418A-AD12-4FEE2F225DA9} = {89128E13-DA62-43ED-ABCD-686888D1BB2B}
		{67934BE8-E998-4E99-B339-EDB3C114953D} = {89128E13-DA62-43ED-ABCD-686888D1BB2B}
		{CC74E768-0D3A-4822-8020-F0C88A66AD26} = {89128E13-DA62-43ED-ABCD-686888D1BB2B}
		{991296BF-95D5-4462-A7EF-574E56C679F3} = {12D9B0D9-EA30-4268-8552-120DD86315B2}
		{37DF8B7E-E52C-4B91-B439-F65611BDA121} = {12D9B0D9-EA30-4268-8552-120DD86315B2}
		{214C51EE-B099-4288-AD16-E423F35D1870} = {12D9B0D9-EA30-4268-8552-120DD86315B2}
		{91BAFA98-AFBA-4CD0-BC04-AD1030C4E0F8} = {12D9B0D9-EA30-4268-8552-120DD86315B2}
		{1CEFD1B8-E842-4BBB-B965-72E1DD6D4DE6} = {12D9B0D9-EA30-4268-8552-120DD86315B2}
		{E7698635-4781-4A53-A16F-1800F8177A4B} = {12D9B0D9-EA30-4268-8552-120DD86315B2}
		{DA91A63E-958D-4478-94F7-44D12EA15F05} = {A071F234-7B29-418A-AD12-4FEE2F225DA9}
		{9E3D8616-BD44-4E0A-A67C-182473CE2453} = {A071F234-7B29-418A-AD12-4FEE2F225DA9}
		{EC7959A4-3ACB-4619-ACCB-E6C9EA686C4D} = {A071F234-7B29-418A-AD12-4FEE2F225DA9}
		{AC2791B0-305E-44E5-B6C1-88771BDE7860} = {A071F234-7B29-418A-AD12-4FEE2F225DA9}
		{BBCDCC8A-C921-430F-990F-B7FC1DB2E4E4} = {A071F234-7B29-418A-AD12-4FEE2F225DA9}
		{560852A4-AF6A-4440-BC97-9A5453DDD5FC} = {A071F234-7B29-418A-AD12-4FEE2F225DA9}
		{5D22F1C4-31D4-444C-9969-1A4A8E45405C} = {67934BE8-E998-4E99-B339-EDB3C114953D}
		{E19DA40A-2151-4A4F-A00B-565EF81B702A} = {67934BE8-E998-4E99-B339-EDB3C114953D}
		{7D94A3D6-0397-4A1C-B80F-6EAB0BB39DD0} = {67934BE8-E998-4E99-B339-EDB3C114953D}
		{761258C1-88AD-44A8-94AC-AEAE00D3107E} = {67934BE8-E998-4E99-B339-EDB3C114953D}
		{16D5EA67-6783-425C-8C5A-9ECCF6CD886C} = {67934BE8-E998-4E99-B339-EDB3C114953D}
		{6E6F4849-39C6-42F3-BE1C-477420CE8CF9} = {67934BE8-E998-4E99-B339-EDB3C114953D}
		{2A5A42E3-AC6B-4312-968B-9FEEEA8C8286} = {67934BE8-E998-4E99-B339-EDB3C114953D}
		{7E841F70-E81D-4AB8-B387-DD7383202915} = {032494FE-1B0E-4FCB-B51A-45AAFFDED5B2}
		{B26507AE-B7E4-4E3B-8643-1F3A7B8F8224} = {032494FE-1B0E-4FCB-B51A-45AAFFDED5B2}
		{26F55E96-54A0-4B3C-AA1D-7FF13CD7D12E} = {CC74E768-0D3A-4822-8020-F0C88A66AD26}
	EndGlobalSection
EndGlobal
