Microsoft Visual Studio Solution File, Format Version 11.00
# Visual Studio 2010
Project("{FAE04EC0-301F-11D3-BF4B-00C04F79EFBC}") = "ermeX.Tests", "ermeX.Tests\ermeX.Tests.csproj", "{4DB3393D-C2F8-4124-A87D-CDBC156198D5}"
EndProject
Project("{2150E333-8FDC-42A3-9474-1A3956D46DE8}") = "Tests", "Tests", "{7D132DF0-3848-4267-AFD0-A0113BF49D40}"
EndProject
Project("{2150E333-8FDC-42A3-9474-1A3956D46DE8}") = "Product", "Product", "{5FAB0B8E-1A1C-4385-BCF8-B889196DB1B5}"
EndProject
Project("{FAE04EC0-301F-11D3-BF4B-00C04F79EFBC}") = "ermeX", "ermeX\ermeX.csproj", "{84423F30-093B-4345-A417-409C79FD945E}"
EndProject
Project("{FAE04EC0-301F-11D3-BF4B-00C04F79EFBC}") = "ermeX.ConfigurationManagement", "ermeX.ConfigurationManagement\ermeX.ConfigurationManagement.csproj", "{C4536E30-DC91-4AA4-8860-ECBDAF1AE4DE}"
EndProject
Project("{2150E333-8FDC-42A3-9474-1A3956D46DE8}") = "Configuration", "Configuration", "{B0B37DBF-4F55-4E54-AC12-A7AC4203788C}"
EndProject
Project("{2150E333-8FDC-42A3-9474-1A3956D46DE8}") = "DataServices", "DataServices", "{95D36496-23B1-4DED-A8A3-043022B574B3}"
EndProject
Project("{FAE04EC0-301F-11D3-BF4B-00C04F79EFBC}") = "ermeX.DAL", "ermeX.DAL\ermeX.DAL.csproj", "{588A3C5F-C021-480E-B413-AEF2DEC4F97F}"
EndProject
Project("{FAE04EC0-301F-11D3-BF4B-00C04F79EFBC}") = "ermeX.Common", "ermeX.Common\ermeX.Common.csproj", "{49D6179A-5489-4CB0-A4AE-F40DB88B78B7}"
EndProject
Project("{FAE04EC0-301F-11D3-BF4B-00C04F79EFBC}") = "ermeX.Versioning", "ermeX.Versioning\ermeX.Versioning.csproj", "{01A43626-806A-4657-BEAC-52E0EFFCD068}"
EndProject
Project("{FAE04EC0-301F-11D3-BF4B-00C04F79EFBC}") = "ermeX.ConfigurationManagement.Settings", "ermeX.ConfigurationManagement.Settings\ermeX.ConfigurationManagement.Settings.csproj", "{A6C2D141-25F0-4BFF-93BC-F9EF0CBDB3B1}"
EndProject
Project("{FAE04EC0-301F-11D3-BF4B-00C04F79EFBC}") = "ermeX.Transport", "ermeX.Transport\ermeX.Transport.csproj", "{E7698635-4781-4A53-A16F-1800F8177A4B}"
EndProject
Project("{2150E333-8FDC-42A3-9474-1A3956D46DE8}") = "Transport", "Transport", "{12D9B0D9-EA30-4268-8552-120DD86315B2}"
EndProject
Project("{FAE04EC0-301F-11D3-BF4B-00C04F79EFBC}") = "ermeX.Transport.Interfaces", "ermeX.Transport.Interfaces\ermeX.Transport.Interfaces.csproj", "{991296BF-95D5-4462-A7EF-574E56C679F3}"
EndProject
Project("{FAE04EC0-301F-11D3-BF4B-00C04F79EFBC}") = "ermeX.Transport.Reception", "ermeX.Transport.Reception\ermeX.Transport.Reception.csproj", "{37DF8B7E-E52C-4B91-B439-F65611BDA121}"
EndProject
Project("{FAE04EC0-301F-11D3-BF4B-00C04F79EFBC}") = "ermeX.Transport.Publish", "ermeX.Transport.Publish\ermeX.Transport.Publish.csproj", "{214C51EE-B099-4288-AD16-E423F35D1870}"
EndProject
Project("{2150E333-8FDC-42A3-9474-1A3956D46DE8}") = "Domain", "Domain", "{ED3890BA-5F23-4989-80F4-D87BF1EF8F9C}"
EndProject
Project("{2150E333-8FDC-42A3-9474-1A3956D46DE8}") = "Common", "Common", "{89937816-518C-4E04-B6E5-9F5218337E4B}"
EndProject
Project("{2150E333-8FDC-42A3-9474-1A3956D46DE8}") = "Bus", "Bus", "{A071F234-7B29-418A-AD12-4FEE2F225DA9}"
EndProject
Project("{FAE04EC0-301F-11D3-BF4B-00C04F79EFBC}") = "ermeX.Bus", "ermeX.Bus\ermeX.Bus.csproj", "{DA91A63E-958D-4478-94F7-44D12EA15F05}"
EndProject
Project("{FAE04EC0-301F-11D3-BF4B-00C04F79EFBC}") = "ermeX.Bus.Interfaces", "ermeX.Bus.Interfaces\ermeX.Bus.Interfaces.csproj", "{9E3D8616-BD44-4E0A-A67C-182473CE2453}"
EndProject
Project("{FAE04EC0-301F-11D3-BF4B-00C04F79EFBC}") = "ermeX.Bus.Listening", "ermeX.Bus.Listening\ermeX.Bus.Listening.csproj", "{EC7959A4-3ACB-4619-ACCB-E6C9EA686C4D}"
EndProject
Project("{FAE04EC0-301F-11D3-BF4B-00C04F79EFBC}") = "ermeX.Bus.Publishing", "ermeX.Bus.Publishing\ermeX.Bus.Publishing.csproj", "{AC2791B0-305E-44E5-B6C1-88771BDE7860}"
EndProject
Project("{2150E333-8FDC-42A3-9474-1A3956D46DE8}") = "Biz", "Biz", "{67934BE8-E998-4E99-B339-EDB3C114953D}"
EndProject
Project("{FAE04EC0-301F-11D3-BF4B-00C04F79EFBC}") = "ermeX.Biz.Subscriptions", "ermeX.Biz.Subscriptions\ermeX.Biz.Subscriptions.csproj", "{5D22F1C4-31D4-444C-9969-1A4A8E45405C}"
EndProject
Project("{FAE04EC0-301F-11D3-BF4B-00C04F79EFBC}") = "ermeX.Biz", "ermeX.Biz\ermeX.Biz.csproj", "{E19DA40A-2151-4A4F-A00B-565EF81B702A}"
EndProject
Project("{FAE04EC0-301F-11D3-BF4B-00C04F79EFBC}") = "ermeX.Biz.ServicesPublishing", "ermeX.Biz.ServicesPublishing\ermeX.Biz.ServicesPublishing.csproj", "{7D94A3D6-0397-4A1C-B80F-6EAB0BB39DD0}"
EndProject
Project("{FAE04EC0-301F-11D3-BF4B-00C04F79EFBC}") = "ermeX.Biz.Services", "ermeX.Biz.Services\ermeX.Biz.Services.csproj", "{761258C1-88AD-44A8-94AC-AEAE00D3107E}"
EndProject
Project("{FAE04EC0-301F-11D3-BF4B-00C04F79EFBC}") = "ermeX.Biz.Messaging", "ermeX.Biz.Messaging\ermeX.Biz.Messaging.csproj", "{16D5EA67-6783-425C-8C5A-9ECCF6CD886C}"
EndProject
Project("{2150E333-8FDC-42A3-9474-1A3956D46DE8}") = "Public", "Public", "{72261C54-BBED-4E7A-9EA0-610A09BA47AD}"
EndProject
Project("{FAE04EC0-301F-11D3-BF4B-00C04F79EFBC}") = "ermeX.Transport.BuiltIn.SuperSocket", "ermeX.Transport.BuiltIn.SuperSocket\ermeX.Transport.BuiltIn.SuperSocket.csproj", "{91BAFA98-AFBA-4CD0-BC04-AD1030C4E0F8}"
EndProject
Project("{FAE04EC0-301F-11D3-BF4B-00C04F79EFBC}") = "ermeX.DAL.Interfaces", "ermeX.DAL.Interfaces\ermeX.DAL.Interfaces.csproj", "{54018AEE-9ED4-4D55-ADBD-EA8F44601F97}"
EndProject
Project("{FAE04EC0-301F-11D3-BF4B-00C04F79EFBC}") = "ermeX.Transport.IoC", "ermeX.Transport.IoC\ermeX.Transport.IoC.csproj", "{1CEFD1B8-E842-4BBB-B965-72E1DD6D4DE6}"
EndProject
Project("{FAE04EC0-301F-11D3-BF4B-00C04F79EFBC}") = "ermeX.Bus.IoC", "ermeX.Bus.IoC\ermeX.Bus.IoC.csproj", "{BBCDCC8A-C921-430F-990F-B7FC1DB2E4E4}"
EndProject
Project("{FAE04EC0-301F-11D3-BF4B-00C04F79EFBC}") = "ermeX.Biz.IoC", "ermeX.Biz.IoC\ermeX.Biz.IoC.csproj", "{6E6F4849-39C6-42F3-BE1C-477420CE8CF9}"
EndProject
Project("{FAE04EC0-301F-11D3-BF4B-00C04F79EFBC}") = "ermeX.Biz.Interfaces", "ermeX.Biz.Interfaces\ermeX.Biz.Interfaces.csproj", "{2A5A42E3-AC6B-4312-968B-9FEEEA8C8286}"
EndProject
Project("{FAE04EC0-301F-11D3-BF4B-00C04F79EFBC}") = "ermeX.Interfaces", "ermeX.Interfaces\ermeX.Interfaces.csproj", "{A67BD599-72DF-40F6-B632-AFB22B4B3D18}"
EndProject
Project("{FAE04EC0-301F-11D3-BF4B-00C04F79EFBC}") = "ermeX.Bus.Synchronisation", "ermeX.Bus.Synchronisation\ermeX.Bus.Synchronisation.csproj", "{560852A4-AF6A-4440-BC97-9A5453DDD5FC}"
EndProject
Project("{FAE04EC0-301F-11D3-BF4B-00C04F79EFBC}") = "ermeX.Tests.SupportTypes", "ermeX.Tests.SupportTypes\ermeX.Tests.SupportTypes.csproj", "{B26507AE-B7E4-4E3B-8643-1F3A7B8F8224}"
EndProject
Project("{2150E333-8FDC-42A3-9474-1A3956D46DE8}") = "UnitTests", "UnitTests", "{21525A2B-CBDF-4BEA-8B80-C475A9B1D73A}"
EndProject
Project("{FAE04EC0-301F-11D3-BF4B-00C04F79EFBC}") = "ermeX.Tests.Common", "ermeX.Tests.Common\ermeX.Tests.Common.csproj", "{7E841F70-E81D-4AB8-B387-DD7383202915}"
EndProject
Project("{2150E333-8FDC-42A3-9474-1A3956D46DE8}") = "NonTestLibs", "NonTestLibs", "{032494FE-1B0E-4FCB-B51A-45AAFFDED5B2}"
EndProject
Project("{2150E333-8FDC-42A3-9474-1A3956D46DE8}") = "Layers", "Layers", "{89128E13-DA62-43ED-ABCD-686888D1BB2B}"
EndProject
Project("{2150E333-8FDC-42A3-9474-1A3956D46DE8}") = "Messages", "Messages", "{CC74E768-0D3A-4822-8020-F0C88A66AD26}"
EndProject
Project("{FAE04EC0-301F-11D3-BF4B-00C04F79EFBC}") = "ermeX.LayerMessages", "ermeX.LayerMessages\ermeX.LayerMessages.csproj", "{26F55E96-54A0-4B3C-AA1D-7FF13CD7D12E}"
EndProject
Project("{FAE04EC0-301F-11D3-BF4B-00C04F79EFBC}") = "ermeX.Exceptions", "ermeX.Exceptions\ermeX.Exceptions.csproj", "{6A23DFD5-8894-4ABA-BA81-7AB2A7DAD552}"
EndProject
Project("{FAE04EC0-301F-11D3-BF4B-00C04F79EFBC}") = "ermeX.Tests.DAL.Integration", "ermeX.Tests.DAL.Integration\ermeX.Tests.DAL.Integration.csproj", "{EF17C80A-380F-43FE-BA27-6841F9C4CF66}"
EndProject
Project("{FAE04EC0-301F-11D3-BF4B-00C04F79EFBC}") = "ermeX.Tests.Bus.Publishing", "ermeX.Tests.Bus.Publishing\ermeX.Tests.Bus.Publishing.csproj", "{4B00E93D-0ABD-48F4-808E-7D8435293CD8}"
EndProject
Project("{FAE04EC0-301F-11D3-BF4B-00C04F79EFBC}") = "ermeX.Tests.Bus.Listening", "ermeX.Tests.Bus.Listening\ermeX.Tests.Bus.Listening.csproj", "{B55F7E04-5B59-426F-BA4B-1A4C8B0A2C7E}"
EndProject
Project("{FAE04EC0-301F-11D3-BF4B-00C04F79EFBC}") = "ermeX.NonMerged", "ermeX.NonMerged\ermeX.NonMerged.csproj", "{E72B0ECE-557C-4002-9368-2273101F76F3}"
EndProject
Project("{FAE04EC0-301F-11D3-BF4B-00C04F79EFBC}") = "ermeX.Tests.NonMerged", "ermeX.Tests.NonMerged\ermeX.Tests.NonMerged.csproj", "{FE576FB2-7DF1-4DEA-AC08-E126908DB0D1}"
EndProject
Project("{FAE04EC0-301F-11D3-BF4B-00C04F79EFBC}") = "ermeX.ConfigurationManagement.Config", "ermeX.ConfigurationManagement.Config\ermeX.ConfigurationManagement.Config.csproj", "{18D50277-2166-45E2-96CB-8F40E5494A87}"
EndProject
Project("{FAE04EC0-301F-11D3-BF4B-00C04F79EFBC}") = "ermeX.Tests.ConfigurationManagement.Config", "ermeX.Tests.ConfigurationManagement.Config\ermeX.Tests.ConfigurationManagement.Config.csproj", "{3E590AAB-4344-4C11-8D99-E9046F2AD63F}"
EndProject
Project("{2150E333-8FDC-42A3-9474-1A3956D46DE8}") = "IntegrationTests", "IntegrationTests", "{4215B08A-9BAF-4B1E-B704-FFE0AABCE35B}"
EndProject
Project("{2150E333-8FDC-42A3-9474-1A3956D46DE8}") = "ToBeReorganized", "ToBeReorganized", "{DED33F47-0F7E-463F-8C61-DF34AB22773F}"
EndProject
Project("{FAE04EC0-301F-11D3-BF4B-00C04F79EFBC}") = "ermeX.Tests.DAL", "ermeX.Tests.DAL\ermeX.Tests.DAL.csproj", "{978684DF-7828-4D6C-913B-F26716050300}"
EndProject
Project("{FAE04EC0-301F-11D3-BF4B-00C04F79EFBC}") = "ermeX.Dal.Commands", "ermeX.Dal.Commands\ermeX.Dal.Commands.csproj", "{4CB1C5B5-6883-4FBE-80CC-97B2EDC2F5DE}"
EndProject
Project("{FAE04EC0-301F-11D3-BF4B-00C04F79EFBC}") = "ermeX.Dal.IoC", "ermeX.Dal.IoC\ermeX.Dal.IoC.csproj", "{6F22B8E5-46EB-4E78-A312-08467876BBB4}"
EndProject
Project("{2150E333-8FDC-42A3-9474-1A3956D46DE8}") = "Design", "Design", "{9FFA0653-B01A-4A93-B5A0-C98A8799B2FC}"
	ProjectSection(SolutionItems) = preProject
		StateMachines.txt = StateMachines.txt
	EndProjectSection
EndProject
Project("{FAE04EC0-301F-11D3-BF4B-00C04F79EFBC}") = "ermeX.Parallel", "ermeX.Parallel\ermeX.Parallel.csproj", "{AE19CF24-90CF-4BA2-9336-374DC8AE7AE4}"
EndProject
Project("{FAE04EC0-301F-11D3-BF4B-00C04F79EFBC}") = "ermeX.Tests.Parallel", "ermeX.Tests.Parallel\ermeX.Tests.Parallel.csproj", "{31643F2E-F354-48F3-9610-BCCEB4808AD1}"
EndProject
Project("{FAE04EC0-301F-11D3-BF4B-00C04F79EFBC}") = "ermeX.Models", "ermeX.Models\ermeX.Models.csproj", "{A32D1859-83FC-43B8-A66D-E7F8A80772B1}"
EndProject
Project("{FAE04EC0-301F-11D3-BF4B-00C04F79EFBC}") = "ermeX.ComponentServices", "ermeX.ComponentServices\ermeX.ComponentServices.csproj", "{4259822D-D109-4A26-998C-6454BF3A1EF1}"
EndProject
Project("{FAE04EC0-301F-11D3-BF4B-00C04F79EFBC}") = "ermeX.Tests.ComponentServices", "ermeX.Tests.ComponentServices\ermeX.Tests.ComponentServices.csproj", "{D2530EF1-5B8A-48E2-AD93-8EAD6944066F}"
EndProject
Project("{FAE04EC0-301F-11D3-BF4B-00C04F79EFBC}") = "ermeX.Tests.ComponentServices.Integration", "ermeX.Tests.ComponentServices.Integration\ermeX.Tests.ComponentServices.Integration.csproj", "{C47DD7FE-C273-4D29-8903-642B7F358E58}"
EndProject
Project("{FAE04EC0-301F-11D3-BF4B-00C04F79EFBC}") = "ermeX.ComponentServices.Interfaces", "ermeX.ComponentServices.Interfaces\ermeX.ComponentServices.Interfaces.csproj", "{E5CF88F8-1141-4D44-AB1C-E2883065C735}"
EndProject
Project("{FAE04EC0-301F-11D3-BF4B-00C04F79EFBC}") = "ermeX.Tests.WorldGate.Integration", "ermeX.Tests.WorldGate.Integration\ermeX.Tests.WorldGate.Integration.csproj", "{3E3F6C26-C2B3-4F8C-8EED-D54967A10EA0}"
EndProject
Project("{FAE04EC0-301F-11D3-BF4B-00C04F79EFBC}") = "ermeX.ComponentServices.IoC", "ermeX.ComponentServices.IoC\ermeX.ComponentServices.IoC.csproj", "{5D431CB4-4AA9-4B30-93A4-0DF688DB99EC}"
EndProject
Project("{FAE04EC0-301F-11D3-BF4B-00C04F79EFBC}") = "ermeX.Logging", "ermeX.Logging\ermeX.Logging.csproj", "{9DB79424-4537-4A46-BD7C-972E3B2F284D}"
EndProject
Global
	GlobalSection(SolutionConfigurationPlatforms) = preSolution
		Debug|Any CPU = Debug|Any CPU
		Release|Any CPU = Release|Any CPU
	EndGlobalSection
	GlobalSection(ProjectConfigurationPlatforms) = postSolution
		{4DB3393D-C2F8-4124-A87D-CDBC156198D5}.Debug|Any CPU.ActiveCfg = Debug|Any CPU
		{4DB3393D-C2F8-4124-A87D-CDBC156198D5}.Debug|Any CPU.Build.0 = Debug|Any CPU
		{4DB3393D-C2F8-4124-A87D-CDBC156198D5}.Release|Any CPU.ActiveCfg = Release|Any CPU
		{4DB3393D-C2F8-4124-A87D-CDBC156198D5}.Release|Any CPU.Build.0 = Release|Any CPU
		{84423F30-093B-4345-A417-409C79FD945E}.Debug|Any CPU.ActiveCfg = Debug|Any CPU
		{84423F30-093B-4345-A417-409C79FD945E}.Debug|Any CPU.Build.0 = Debug|Any CPU
		{84423F30-093B-4345-A417-409C79FD945E}.Release|Any CPU.ActiveCfg = Release|Any CPU
		{84423F30-093B-4345-A417-409C79FD945E}.Release|Any CPU.Build.0 = Release|Any CPU
		{C4536E30-DC91-4AA4-8860-ECBDAF1AE4DE}.Debug|Any CPU.ActiveCfg = Debug|Any CPU
		{C4536E30-DC91-4AA4-8860-ECBDAF1AE4DE}.Debug|Any CPU.Build.0 = Debug|Any CPU
		{C4536E30-DC91-4AA4-8860-ECBDAF1AE4DE}.Release|Any CPU.ActiveCfg = Release|Any CPU
		{C4536E30-DC91-4AA4-8860-ECBDAF1AE4DE}.Release|Any CPU.Build.0 = Release|Any CPU
		{588A3C5F-C021-480E-B413-AEF2DEC4F97F}.Debug|Any CPU.ActiveCfg = Debug|Any CPU
		{588A3C5F-C021-480E-B413-AEF2DEC4F97F}.Debug|Any CPU.Build.0 = Debug|Any CPU
		{588A3C5F-C021-480E-B413-AEF2DEC4F97F}.Release|Any CPU.ActiveCfg = Release|Any CPU
		{588A3C5F-C021-480E-B413-AEF2DEC4F97F}.Release|Any CPU.Build.0 = Release|Any CPU
		{49D6179A-5489-4CB0-A4AE-F40DB88B78B7}.Debug|Any CPU.ActiveCfg = Debug|Any CPU
		{49D6179A-5489-4CB0-A4AE-F40DB88B78B7}.Debug|Any CPU.Build.0 = Debug|Any CPU
		{49D6179A-5489-4CB0-A4AE-F40DB88B78B7}.Release|Any CPU.ActiveCfg = Release|Any CPU
		{49D6179A-5489-4CB0-A4AE-F40DB88B78B7}.Release|Any CPU.Build.0 = Release|Any CPU
		{01A43626-806A-4657-BEAC-52E0EFFCD068}.Debug|Any CPU.ActiveCfg = Debug|Any CPU
		{01A43626-806A-4657-BEAC-52E0EFFCD068}.Debug|Any CPU.Build.0 = Debug|Any CPU
		{01A43626-806A-4657-BEAC-52E0EFFCD068}.Release|Any CPU.ActiveCfg = Release|Any CPU
		{01A43626-806A-4657-BEAC-52E0EFFCD068}.Release|Any CPU.Build.0 = Release|Any CPU
		{A6C2D141-25F0-4BFF-93BC-F9EF0CBDB3B1}.Debug|Any CPU.ActiveCfg = Debug|Any CPU
		{A6C2D141-25F0-4BFF-93BC-F9EF0CBDB3B1}.Debug|Any CPU.Build.0 = Debug|Any CPU
		{A6C2D141-25F0-4BFF-93BC-F9EF0CBDB3B1}.Release|Any CPU.ActiveCfg = Release|Any CPU
		{A6C2D141-25F0-4BFF-93BC-F9EF0CBDB3B1}.Release|Any CPU.Build.0 = Release|Any CPU
		{E7698635-4781-4A53-A16F-1800F8177A4B}.Debug|Any CPU.ActiveCfg = Debug|Any CPU
		{E7698635-4781-4A53-A16F-1800F8177A4B}.Debug|Any CPU.Build.0 = Debug|Any CPU
		{E7698635-4781-4A53-A16F-1800F8177A4B}.Release|Any CPU.ActiveCfg = Release|Any CPU
		{E7698635-4781-4A53-A16F-1800F8177A4B}.Release|Any CPU.Build.0 = Release|Any CPU
		{991296BF-95D5-4462-A7EF-574E56C679F3}.Debug|Any CPU.ActiveCfg = Debug|Any CPU
		{991296BF-95D5-4462-A7EF-574E56C679F3}.Debug|Any CPU.Build.0 = Debug|Any CPU
		{991296BF-95D5-4462-A7EF-574E56C679F3}.Release|Any CPU.ActiveCfg = Release|Any CPU
		{991296BF-95D5-4462-A7EF-574E56C679F3}.Release|Any CPU.Build.0 = Release|Any CPU
		{37DF8B7E-E52C-4B91-B439-F65611BDA121}.Debug|Any CPU.ActiveCfg = Debug|Any CPU
		{37DF8B7E-E52C-4B91-B439-F65611BDA121}.Debug|Any CPU.Build.0 = Debug|Any CPU
		{37DF8B7E-E52C-4B91-B439-F65611BDA121}.Release|Any CPU.ActiveCfg = Release|Any CPU
		{37DF8B7E-E52C-4B91-B439-F65611BDA121}.Release|Any CPU.Build.0 = Release|Any CPU
		{214C51EE-B099-4288-AD16-E423F35D1870}.Debug|Any CPU.ActiveCfg = Debug|Any CPU
		{214C51EE-B099-4288-AD16-E423F35D1870}.Debug|Any CPU.Build.0 = Debug|Any CPU
		{214C51EE-B099-4288-AD16-E423F35D1870}.Release|Any CPU.ActiveCfg = Release|Any CPU
		{214C51EE-B099-4288-AD16-E423F35D1870}.Release|Any CPU.Build.0 = Release|Any CPU
		{DA91A63E-958D-4478-94F7-44D12EA15F05}.Debug|Any CPU.ActiveCfg = Debug|Any CPU
		{DA91A63E-958D-4478-94F7-44D12EA15F05}.Debug|Any CPU.Build.0 = Debug|Any CPU
		{DA91A63E-958D-4478-94F7-44D12EA15F05}.Release|Any CPU.ActiveCfg = Release|Any CPU
		{DA91A63E-958D-4478-94F7-44D12EA15F05}.Release|Any CPU.Build.0 = Release|Any CPU
		{9E3D8616-BD44-4E0A-A67C-182473CE2453}.Debug|Any CPU.ActiveCfg = Debug|Any CPU
		{9E3D8616-BD44-4E0A-A67C-182473CE2453}.Debug|Any CPU.Build.0 = Debug|Any CPU
		{9E3D8616-BD44-4E0A-A67C-182473CE2453}.Release|Any CPU.ActiveCfg = Release|Any CPU
		{9E3D8616-BD44-4E0A-A67C-182473CE2453}.Release|Any CPU.Build.0 = Release|Any CPU
		{EC7959A4-3ACB-4619-ACCB-E6C9EA686C4D}.Debug|Any CPU.ActiveCfg = Debug|Any CPU
		{EC7959A4-3ACB-4619-ACCB-E6C9EA686C4D}.Debug|Any CPU.Build.0 = Debug|Any CPU
		{EC7959A4-3ACB-4619-ACCB-E6C9EA686C4D}.Release|Any CPU.ActiveCfg = Release|Any CPU
		{EC7959A4-3ACB-4619-ACCB-E6C9EA686C4D}.Release|Any CPU.Build.0 = Release|Any CPU
		{AC2791B0-305E-44E5-B6C1-88771BDE7860}.Debug|Any CPU.ActiveCfg = Debug|Any CPU
		{AC2791B0-305E-44E5-B6C1-88771BDE7860}.Debug|Any CPU.Build.0 = Debug|Any CPU
		{AC2791B0-305E-44E5-B6C1-88771BDE7860}.Release|Any CPU.ActiveCfg = Release|Any CPU
		{AC2791B0-305E-44E5-B6C1-88771BDE7860}.Release|Any CPU.Build.0 = Release|Any CPU
		{5D22F1C4-31D4-444C-9969-1A4A8E45405C}.Debug|Any CPU.ActiveCfg = Debug|Any CPU
		{5D22F1C4-31D4-444C-9969-1A4A8E45405C}.Debug|Any CPU.Build.0 = Debug|Any CPU
		{5D22F1C4-31D4-444C-9969-1A4A8E45405C}.Release|Any CPU.ActiveCfg = Release|Any CPU
		{5D22F1C4-31D4-444C-9969-1A4A8E45405C}.Release|Any CPU.Build.0 = Release|Any CPU
		{E19DA40A-2151-4A4F-A00B-565EF81B702A}.Debug|Any CPU.ActiveCfg = Debug|Any CPU
		{E19DA40A-2151-4A4F-A00B-565EF81B702A}.Debug|Any CPU.Build.0 = Debug|Any CPU
		{E19DA40A-2151-4A4F-A00B-565EF81B702A}.Release|Any CPU.ActiveCfg = Release|Any CPU
		{E19DA40A-2151-4A4F-A00B-565EF81B702A}.Release|Any CPU.Build.0 = Release|Any CPU
		{7D94A3D6-0397-4A1C-B80F-6EAB0BB39DD0}.Debug|Any CPU.ActiveCfg = Debug|Any CPU
		{7D94A3D6-0397-4A1C-B80F-6EAB0BB39DD0}.Debug|Any CPU.Build.0 = Debug|Any CPU
		{7D94A3D6-0397-4A1C-B80F-6EAB0BB39DD0}.Release|Any CPU.ActiveCfg = Release|Any CPU
		{7D94A3D6-0397-4A1C-B80F-6EAB0BB39DD0}.Release|Any CPU.Build.0 = Release|Any CPU
		{761258C1-88AD-44A8-94AC-AEAE00D3107E}.Debug|Any CPU.ActiveCfg = Debug|Any CPU
		{761258C1-88AD-44A8-94AC-AEAE00D3107E}.Debug|Any CPU.Build.0 = Debug|Any CPU
		{761258C1-88AD-44A8-94AC-AEAE00D3107E}.Release|Any CPU.ActiveCfg = Release|Any CPU
		{761258C1-88AD-44A8-94AC-AEAE00D3107E}.Release|Any CPU.Build.0 = Release|Any CPU
		{16D5EA67-6783-425C-8C5A-9ECCF6CD886C}.Debug|Any CPU.ActiveCfg = Debug|Any CPU
		{16D5EA67-6783-425C-8C5A-9ECCF6CD886C}.Debug|Any CPU.Build.0 = Debug|Any CPU
		{16D5EA67-6783-425C-8C5A-9ECCF6CD886C}.Release|Any CPU.ActiveCfg = Release|Any CPU
		{16D5EA67-6783-425C-8C5A-9ECCF6CD886C}.Release|Any CPU.Build.0 = Release|Any CPU
		{91BAFA98-AFBA-4CD0-BC04-AD1030C4E0F8}.Debug|Any CPU.ActiveCfg = Debug|Any CPU
		{91BAFA98-AFBA-4CD0-BC04-AD1030C4E0F8}.Debug|Any CPU.Build.0 = Debug|Any CPU
		{91BAFA98-AFBA-4CD0-BC04-AD1030C4E0F8}.Release|Any CPU.ActiveCfg = Release|Any CPU
		{91BAFA98-AFBA-4CD0-BC04-AD1030C4E0F8}.Release|Any CPU.Build.0 = Release|Any CPU
		{54018AEE-9ED4-4D55-ADBD-EA8F44601F97}.Debug|Any CPU.ActiveCfg = Debug|Any CPU
		{54018AEE-9ED4-4D55-ADBD-EA8F44601F97}.Debug|Any CPU.Build.0 = Debug|Any CPU
		{54018AEE-9ED4-4D55-ADBD-EA8F44601F97}.Release|Any CPU.ActiveCfg = Release|Any CPU
		{54018AEE-9ED4-4D55-ADBD-EA8F44601F97}.Release|Any CPU.Build.0 = Release|Any CPU
		{1CEFD1B8-E842-4BBB-B965-72E1DD6D4DE6}.Debug|Any CPU.ActiveCfg = Debug|Any CPU
		{1CEFD1B8-E842-4BBB-B965-72E1DD6D4DE6}.Debug|Any CPU.Build.0 = Debug|Any CPU
		{1CEFD1B8-E842-4BBB-B965-72E1DD6D4DE6}.Release|Any CPU.ActiveCfg = Release|Any CPU
		{1CEFD1B8-E842-4BBB-B965-72E1DD6D4DE6}.Release|Any CPU.Build.0 = Release|Any CPU
		{BBCDCC8A-C921-430F-990F-B7FC1DB2E4E4}.Debug|Any CPU.ActiveCfg = Debug|Any CPU
		{BBCDCC8A-C921-430F-990F-B7FC1DB2E4E4}.Debug|Any CPU.Build.0 = Debug|Any CPU
		{BBCDCC8A-C921-430F-990F-B7FC1DB2E4E4}.Release|Any CPU.ActiveCfg = Release|Any CPU
		{BBCDCC8A-C921-430F-990F-B7FC1DB2E4E4}.Release|Any CPU.Build.0 = Release|Any CPU
		{6E6F4849-39C6-42F3-BE1C-477420CE8CF9}.Debug|Any CPU.ActiveCfg = Debug|Any CPU
		{6E6F4849-39C6-42F3-BE1C-477420CE8CF9}.Debug|Any CPU.Build.0 = Debug|Any CPU
		{6E6F4849-39C6-42F3-BE1C-477420CE8CF9}.Release|Any CPU.ActiveCfg = Release|Any CPU
		{6E6F4849-39C6-42F3-BE1C-477420CE8CF9}.Release|Any CPU.Build.0 = Release|Any CPU
		{2A5A42E3-AC6B-4312-968B-9FEEEA8C8286}.Debug|Any CPU.ActiveCfg = Debug|Any CPU
		{2A5A42E3-AC6B-4312-968B-9FEEEA8C8286}.Debug|Any CPU.Build.0 = Debug|Any CPU
		{2A5A42E3-AC6B-4312-968B-9FEEEA8C8286}.Release|Any CPU.ActiveCfg = Release|Any CPU
		{2A5A42E3-AC6B-4312-968B-9FEEEA8C8286}.Release|Any CPU.Build.0 = Release|Any CPU
		{A67BD599-72DF-40F6-B632-AFB22B4B3D18}.Debug|Any CPU.ActiveCfg = Debug|Any CPU
		{A67BD599-72DF-40F6-B632-AFB22B4B3D18}.Debug|Any CPU.Build.0 = Debug|Any CPU
		{A67BD599-72DF-40F6-B632-AFB22B4B3D18}.Release|Any CPU.ActiveCfg = Release|Any CPU
		{A67BD599-72DF-40F6-B632-AFB22B4B3D18}.Release|Any CPU.Build.0 = Release|Any CPU
		{560852A4-AF6A-4440-BC97-9A5453DDD5FC}.Debug|Any CPU.ActiveCfg = Debug|Any CPU
		{560852A4-AF6A-4440-BC97-9A5453DDD5FC}.Debug|Any CPU.Build.0 = Debug|Any CPU
		{560852A4-AF6A-4440-BC97-9A5453DDD5FC}.Release|Any CPU.ActiveCfg = Release|Any CPU
		{560852A4-AF6A-4440-BC97-9A5453DDD5FC}.Release|Any CPU.Build.0 = Release|Any CPU
		{B26507AE-B7E4-4E3B-8643-1F3A7B8F8224}.Debug|Any CPU.ActiveCfg = Debug|Any CPU
		{B26507AE-B7E4-4E3B-8643-1F3A7B8F8224}.Debug|Any CPU.Build.0 = Debug|Any CPU
		{B26507AE-B7E4-4E3B-8643-1F3A7B8F8224}.Release|Any CPU.ActiveCfg = Release|Any CPU
		{B26507AE-B7E4-4E3B-8643-1F3A7B8F8224}.Release|Any CPU.Build.0 = Release|Any CPU
		{7E841F70-E81D-4AB8-B387-DD7383202915}.Debug|Any CPU.ActiveCfg = Debug|Any CPU
		{7E841F70-E81D-4AB8-B387-DD7383202915}.Debug|Any CPU.Build.0 = Debug|Any CPU
		{7E841F70-E81D-4AB8-B387-DD7383202915}.Release|Any CPU.ActiveCfg = Release|Any CPU
		{7E841F70-E81D-4AB8-B387-DD7383202915}.Release|Any CPU.Build.0 = Release|Any CPU
		{26F55E96-54A0-4B3C-AA1D-7FF13CD7D12E}.Debug|Any CPU.ActiveCfg = Debug|Any CPU
		{26F55E96-54A0-4B3C-AA1D-7FF13CD7D12E}.Debug|Any CPU.Build.0 = Debug|Any CPU
		{26F55E96-54A0-4B3C-AA1D-7FF13CD7D12E}.Release|Any CPU.ActiveCfg = Release|Any CPU
		{26F55E96-54A0-4B3C-AA1D-7FF13CD7D12E}.Release|Any CPU.Build.0 = Release|Any CPU
		{6A23DFD5-8894-4ABA-BA81-7AB2A7DAD552}.Debug|Any CPU.ActiveCfg = Debug|Any CPU
		{6A23DFD5-8894-4ABA-BA81-7AB2A7DAD552}.Debug|Any CPU.Build.0 = Debug|Any CPU
		{6A23DFD5-8894-4ABA-BA81-7AB2A7DAD552}.Release|Any CPU.ActiveCfg = Release|Any CPU
		{6A23DFD5-8894-4ABA-BA81-7AB2A7DAD552}.Release|Any CPU.Build.0 = Release|Any CPU
		{EF17C80A-380F-43FE-BA27-6841F9C4CF66}.Debug|Any CPU.ActiveCfg = Debug|Any CPU
		{EF17C80A-380F-43FE-BA27-6841F9C4CF66}.Debug|Any CPU.Build.0 = Debug|Any CPU
		{EF17C80A-380F-43FE-BA27-6841F9C4CF66}.Release|Any CPU.ActiveCfg = Release|Any CPU
		{EF17C80A-380F-43FE-BA27-6841F9C4CF66}.Release|Any CPU.Build.0 = Release|Any CPU
		{4B00E93D-0ABD-48F4-808E-7D8435293CD8}.Debug|Any CPU.ActiveCfg = Debug|Any CPU
		{4B00E93D-0ABD-48F4-808E-7D8435293CD8}.Debug|Any CPU.Build.0 = Debug|Any CPU
		{4B00E93D-0ABD-48F4-808E-7D8435293CD8}.Release|Any CPU.ActiveCfg = Release|Any CPU
		{4B00E93D-0ABD-48F4-808E-7D8435293CD8}.Release|Any CPU.Build.0 = Release|Any CPU
		{B55F7E04-5B59-426F-BA4B-1A4C8B0A2C7E}.Debug|Any CPU.ActiveCfg = Debug|Any CPU
		{B55F7E04-5B59-426F-BA4B-1A4C8B0A2C7E}.Debug|Any CPU.Build.0 = Debug|Any CPU
		{B55F7E04-5B59-426F-BA4B-1A4C8B0A2C7E}.Release|Any CPU.ActiveCfg = Release|Any CPU
		{B55F7E04-5B59-426F-BA4B-1A4C8B0A2C7E}.Release|Any CPU.Build.0 = Release|Any CPU
		{E72B0ECE-557C-4002-9368-2273101F76F3}.Debug|Any CPU.ActiveCfg = Debug|Any CPU
		{E72B0ECE-557C-4002-9368-2273101F76F3}.Debug|Any CPU.Build.0 = Debug|Any CPU
		{E72B0ECE-557C-4002-9368-2273101F76F3}.Release|Any CPU.ActiveCfg = Release|Any CPU
		{E72B0ECE-557C-4002-9368-2273101F76F3}.Release|Any CPU.Build.0 = Release|Any CPU
		{FE576FB2-7DF1-4DEA-AC08-E126908DB0D1}.Debug|Any CPU.ActiveCfg = Debug|Any CPU
		{FE576FB2-7DF1-4DEA-AC08-E126908DB0D1}.Debug|Any CPU.Build.0 = Debug|Any CPU
		{FE576FB2-7DF1-4DEA-AC08-E126908DB0D1}.Release|Any CPU.ActiveCfg = Release|Any CPU
		{FE576FB2-7DF1-4DEA-AC08-E126908DB0D1}.Release|Any CPU.Build.0 = Release|Any CPU
		{18D50277-2166-45E2-96CB-8F40E5494A87}.Debug|Any CPU.ActiveCfg = Debug|Any CPU
		{18D50277-2166-45E2-96CB-8F40E5494A87}.Debug|Any CPU.Build.0 = Debug|Any CPU
		{18D50277-2166-45E2-96CB-8F40E5494A87}.Release|Any CPU.ActiveCfg = Release|Any CPU
		{18D50277-2166-45E2-96CB-8F40E5494A87}.Release|Any CPU.Build.0 = Release|Any CPU
		{3E590AAB-4344-4C11-8D99-E9046F2AD63F}.Debug|Any CPU.ActiveCfg = Debug|Any CPU
		{3E590AAB-4344-4C11-8D99-E9046F2AD63F}.Debug|Any CPU.Build.0 = Debug|Any CPU
		{3E590AAB-4344-4C11-8D99-E9046F2AD63F}.Release|Any CPU.ActiveCfg = Release|Any CPU
		{3E590AAB-4344-4C11-8D99-E9046F2AD63F}.Release|Any CPU.Build.0 = Release|Any CPU
		{978684DF-7828-4D6C-913B-F26716050300}.Debug|Any CPU.ActiveCfg = Debug|Any CPU
		{978684DF-7828-4D6C-913B-F26716050300}.Debug|Any CPU.Build.0 = Debug|Any CPU
		{978684DF-7828-4D6C-913B-F26716050300}.Release|Any CPU.ActiveCfg = Release|Any CPU
		{978684DF-7828-4D6C-913B-F26716050300}.Release|Any CPU.Build.0 = Release|Any CPU
		{4CB1C5B5-6883-4FBE-80CC-97B2EDC2F5DE}.Debug|Any CPU.ActiveCfg = Debug|Any CPU
		{4CB1C5B5-6883-4FBE-80CC-97B2EDC2F5DE}.Debug|Any CPU.Build.0 = Debug|Any CPU
		{4CB1C5B5-6883-4FBE-80CC-97B2EDC2F5DE}.Release|Any CPU.ActiveCfg = Release|Any CPU
		{4CB1C5B5-6883-4FBE-80CC-97B2EDC2F5DE}.Release|Any CPU.Build.0 = Release|Any CPU
		{6F22B8E5-46EB-4E78-A312-08467876BBB4}.Debug|Any CPU.ActiveCfg = Debug|Any CPU
		{6F22B8E5-46EB-4E78-A312-08467876BBB4}.Debug|Any CPU.Build.0 = Debug|Any CPU
		{6F22B8E5-46EB-4E78-A312-08467876BBB4}.Release|Any CPU.ActiveCfg = Release|Any CPU
		{6F22B8E5-46EB-4E78-A312-08467876BBB4}.Release|Any CPU.Build.0 = Release|Any CPU		
		{AE19CF24-90CF-4BA2-9336-374DC8AE7AE4}.Debug|Any CPU.ActiveCfg = Debug|Any CPU
		{AE19CF24-90CF-4BA2-9336-374DC8AE7AE4}.Debug|Any CPU.Build.0 = Debug|Any CPU
		{AE19CF24-90CF-4BA2-9336-374DC8AE7AE4}.Release|Any CPU.ActiveCfg = Release|Any CPU
		{AE19CF24-90CF-4BA2-9336-374DC8AE7AE4}.Release|Any CPU.Build.0 = Release|Any CPU
		{31643F2E-F354-48F3-9610-BCCEB4808AD1}.Debug|Any CPU.ActiveCfg = Debug|Any CPU
		{31643F2E-F354-48F3-9610-BCCEB4808AD1}.Debug|Any CPU.Build.0 = Debug|Any CPU
		{31643F2E-F354-48F3-9610-BCCEB4808AD1}.Release|Any CPU.ActiveCfg = Release|Any CPU
		{31643F2E-F354-48F3-9610-BCCEB4808AD1}.Release|Any CPU.Build.0 = Release|Any CPU
		{A32D1859-83FC-43B8-A66D-E7F8A80772B1}.Debug|Any CPU.ActiveCfg = Debug|Any CPU
		{A32D1859-83FC-43B8-A66D-E7F8A80772B1}.Debug|Any CPU.Build.0 = Debug|Any CPU
		{A32D1859-83FC-43B8-A66D-E7F8A80772B1}.Release|Any CPU.ActiveCfg = Release|Any CPU
		{A32D1859-83FC-43B8-A66D-E7F8A80772B1}.Release|Any CPU.Build.0 = Release|Any CPU
		{4259822D-D109-4A26-998C-6454BF3A1EF1}.Debug|Any CPU.ActiveCfg = Debug|Any CPU
		{4259822D-D109-4A26-998C-6454BF3A1EF1}.Debug|Any CPU.Build.0 = Debug|Any CPU
		{4259822D-D109-4A26-998C-6454BF3A1EF1}.Release|Any CPU.ActiveCfg = Release|Any CPU
		{4259822D-D109-4A26-998C-6454BF3A1EF1}.Release|Any CPU.Build.0 = Release|Any CPU
		{D2530EF1-5B8A-48E2-AD93-8EAD6944066F}.Debug|Any CPU.ActiveCfg = Debug|Any CPU
		{D2530EF1-5B8A-48E2-AD93-8EAD6944066F}.Debug|Any CPU.Build.0 = Debug|Any CPU
		{D2530EF1-5B8A-48E2-AD93-8EAD6944066F}.Release|Any CPU.ActiveCfg = Release|Any CPU
		{D2530EF1-5B8A-48E2-AD93-8EAD6944066F}.Release|Any CPU.Build.0 = Release|Any CPU
		{C47DD7FE-C273-4D29-8903-642B7F358E58}.Debug|Any CPU.ActiveCfg = Debug|Any CPU
		{C47DD7FE-C273-4D29-8903-642B7F358E58}.Debug|Any CPU.Build.0 = Debug|Any CPU
		{C47DD7FE-C273-4D29-8903-642B7F358E58}.Release|Any CPU.ActiveCfg = Release|Any CPU
		{C47DD7FE-C273-4D29-8903-642B7F358E58}.Release|Any CPU.Build.0 = Release|Any CPU
		{E5CF88F8-1141-4D44-AB1C-E2883065C735}.Debug|Any CPU.ActiveCfg = Debug|Any CPU
		{E5CF88F8-1141-4D44-AB1C-E2883065C735}.Debug|Any CPU.Build.0 = Debug|Any CPU
		{E5CF88F8-1141-4D44-AB1C-E2883065C735}.Release|Any CPU.ActiveCfg = Release|Any CPU
		{E5CF88F8-1141-4D44-AB1C-E2883065C735}.Release|Any CPU.Build.0 = Release|Any CPU
		{3E3F6C26-C2B3-4F8C-8EED-D54967A10EA0}.Debug|Any CPU.ActiveCfg = Debug|Any CPU
		{3E3F6C26-C2B3-4F8C-8EED-D54967A10EA0}.Debug|Any CPU.Build.0 = Debug|Any CPU
		{3E3F6C26-C2B3-4F8C-8EED-D54967A10EA0}.Release|Any CPU.ActiveCfg = Release|Any CPU
		{3E3F6C26-C2B3-4F8C-8EED-D54967A10EA0}.Release|Any CPU.Build.0 = Release|Any CPU
		{5D431CB4-4AA9-4B30-93A4-0DF688DB99EC}.Debug|Any CPU.ActiveCfg = Debug|Any CPU
		{5D431CB4-4AA9-4B30-93A4-0DF688DB99EC}.Debug|Any CPU.Build.0 = Debug|Any CPU
		{5D431CB4-4AA9-4B30-93A4-0DF688DB99EC}.Release|Any CPU.ActiveCfg = Release|Any CPU
		{5D431CB4-4AA9-4B30-93A4-0DF688DB99EC}.Release|Any CPU.Build.0 = Release|Any CPU
		{9DB79424-4537-4A46-BD7C-972E3B2F284D}.Debug|Any CPU.ActiveCfg = Debug|Any CPU
		{9DB79424-4537-4A46-BD7C-972E3B2F284D}.Debug|Any CPU.Build.0 = Debug|Any CPU
		{9DB79424-4537-4A46-BD7C-972E3B2F284D}.Release|Any CPU.ActiveCfg = Release|Any CPU
		{9DB79424-4537-4A46-BD7C-972E3B2F284D}.Release|Any CPU.Build.0 = Release|Any CPU
	EndGlobalSection
	GlobalSection(SolutionProperties) = preSolution
		HideSolutionNode = FALSE
	EndGlobalSection
	GlobalSection(NestedProjects) = preSolution
		{DED33F47-0F7E-463F-8C61-DF34AB22773F} = {7D132DF0-3848-4267-AFD0-A0113BF49D40}
		{032494FE-1B0E-4FCB-B51A-45AAFFDED5B2} = {7D132DF0-3848-4267-AFD0-A0113BF49D40}
		{21525A2B-CBDF-4BEA-8B80-C475A9B1D73A} = {7D132DF0-3848-4267-AFD0-A0113BF49D40}
		{4215B08A-9BAF-4B1E-B704-FFE0AABCE35B} = {7D132DF0-3848-4267-AFD0-A0113BF49D40}
		{4DB3393D-C2F8-4124-A87D-CDBC156198D5} = {DED33F47-0F7E-463F-8C61-DF34AB22773F}
		{72261C54-BBED-4E7A-9EA0-610A09BA47AD} = {5FAB0B8E-1A1C-4385-BCF8-B889196DB1B5}
		{B0B37DBF-4F55-4E54-AC12-A7AC4203788C} = {5FAB0B8E-1A1C-4385-BCF8-B889196DB1B5}
		{95D36496-23B1-4DED-A8A3-043022B574B3} = {5FAB0B8E-1A1C-4385-BCF8-B889196DB1B5}
		{89937816-518C-4E04-B6E5-9F5218337E4B} = {5FAB0B8E-1A1C-4385-BCF8-B889196DB1B5}
		{89128E13-DA62-43ED-ABCD-686888D1BB2B} = {5FAB0B8E-1A1C-4385-BCF8-B889196DB1B5}
		{ED3890BA-5F23-4989-80F4-D87BF1EF8F9C} = {5FAB0B8E-1A1C-4385-BCF8-B889196DB1B5}
		{84423F30-093B-4345-A417-409C79FD945E} = {72261C54-BBED-4E7A-9EA0-610A09BA47AD}
		{A67BD599-72DF-40F6-B632-AFB22B4B3D18} = {72261C54-BBED-4E7A-9EA0-610A09BA47AD}
		{C4536E30-DC91-4AA4-8860-ECBDAF1AE4DE} = {B0B37DBF-4F55-4E54-AC12-A7AC4203788C}
		{01A43626-806A-4657-BEAC-52E0EFFCD068} = {B0B37DBF-4F55-4E54-AC12-A7AC4203788C}
		{A6C2D141-25F0-4BFF-93BC-F9EF0CBDB3B1} = {B0B37DBF-4F55-4E54-AC12-A7AC4203788C}
		{18D50277-2166-45E2-96CB-8F40E5494A87} = {B0B37DBF-4F55-4E54-AC12-A7AC4203788C}
		{588A3C5F-C021-480E-B413-AEF2DEC4F97F} = {95D36496-23B1-4DED-A8A3-043022B574B3}
		{54018AEE-9ED4-4D55-ADBD-EA8F44601F97} = {95D36496-23B1-4DED-A8A3-043022B574B3}
		{4CB1C5B5-6883-4FBE-80CC-97B2EDC2F5DE} = {95D36496-23B1-4DED-A8A3-043022B574B3}
		{6F22B8E5-46EB-4E78-A312-08467876BBB4} = {95D36496-23B1-4DED-A8A3-043022B574B3}
		{49D6179A-5489-4CB0-A4AE-F40DB88B78B7} = {89937816-518C-4E04-B6E5-9F5218337E4B}
		{6A23DFD5-8894-4ABA-BA81-7AB2A7DAD552} = {89937816-518C-4E04-B6E5-9F5218337E4B}
		{E72B0ECE-557C-4002-9368-2273101F76F3} = {89937816-518C-4E04-B6E5-9F5218337E4B}
		{AE19CF24-90CF-4BA2-9336-374DC8AE7AE4} = {89937816-518C-4E04-B6E5-9F5218337E4B}
		{9DB79424-4537-4A46-BD7C-972E3B2F284D} = {89937816-518C-4E04-B6E5-9F5218337E4B}
		{12D9B0D9-EA30-4268-8552-120DD86315B2} = {89128E13-DA62-43ED-ABCD-686888D1BB2B}
		{A071F234-7B29-418A-AD12-4FEE2F225DA9} = {89128E13-DA62-43ED-ABCD-686888D1BB2B}
		{67934BE8-E998-4E99-B339-EDB3C114953D} = {89128E13-DA62-43ED-ABCD-686888D1BB2B}
		{CC74E768-0D3A-4822-8020-F0C88A66AD26} = {89128E13-DA62-43ED-ABCD-686888D1BB2B}
		{991296BF-95D5-4462-A7EF-574E56C679F3} = {12D9B0D9-EA30-4268-8552-120DD86315B2}
		{37DF8B7E-E52C-4B91-B439-F65611BDA121} = {12D9B0D9-EA30-4268-8552-120DD86315B2}
		{214C51EE-B099-4288-AD16-E423F35D1870} = {12D9B0D9-EA30-4268-8552-120DD86315B2}
		{91BAFA98-AFBA-4CD0-BC04-AD1030C4E0F8} = {12D9B0D9-EA30-4268-8552-120DD86315B2}
		{1CEFD1B8-E842-4BBB-B965-72E1DD6D4DE6} = {12D9B0D9-EA30-4268-8552-120DD86315B2}
		{E7698635-4781-4A53-A16F-1800F8177A4B} = {12D9B0D9-EA30-4268-8552-120DD86315B2}
		{A32D1859-83FC-43B8-A66D-E7F8A80772B1} = {ED3890BA-5F23-4989-80F4-D87BF1EF8F9C}
		{4259822D-D109-4A26-998C-6454BF3A1EF1} = {ED3890BA-5F23-4989-80F4-D87BF1EF8F9C}
		{E5CF88F8-1141-4D44-AB1C-E2883065C735} = {ED3890BA-5F23-4989-80F4-D87BF1EF8F9C}
		{5D431CB4-4AA9-4B30-93A4-0DF688DB99EC} = {ED3890BA-5F23-4989-80F4-D87BF1EF8F9C}
		{DA91A63E-958D-4478-94F7-44D12EA15F05} = {A071F234-7B29-418A-AD12-4FEE2F225DA9}
		{9E3D8616-BD44-4E0A-A67C-182473CE2453} = {A071F234-7B29-418A-AD12-4FEE2F225DA9}
		{EC7959A4-3ACB-4619-ACCB-E6C9EA686C4D} = {A071F234-7B29-418A-AD12-4FEE2F225DA9}
		{AC2791B0-305E-44E5-B6C1-88771BDE7860} = {A071F234-7B29-418A-AD12-4FEE2F225DA9}
		{BBCDCC8A-C921-430F-990F-B7FC1DB2E4E4} = {A071F234-7B29-418A-AD12-4FEE2F225DA9}
		{560852A4-AF6A-4440-BC97-9A5453DDD5FC} = {A071F234-7B29-418A-AD12-4FEE2F225DA9}
		{5D22F1C4-31D4-444C-9969-1A4A8E45405C} = {67934BE8-E998-4E99-B339-EDB3C114953D}
		{E19DA40A-2151-4A4F-A00B-565EF81B702A} = {67934BE8-E998-4E99-B339-EDB3C114953D}
		{7D94A3D6-0397-4A1C-B80F-6EAB0BB39DD0} = {67934BE8-E998-4E99-B339-EDB3C114953D}
		{761258C1-88AD-44A8-94AC-AEAE00D3107E} = {67934BE8-E998-4E99-B339-EDB3C114953D}
		{16D5EA67-6783-425C-8C5A-9ECCF6CD886C} = {67934BE8-E998-4E99-B339-EDB3C114953D}
		{6E6F4849-39C6-42F3-BE1C-477420CE8CF9} = {67934BE8-E998-4E99-B339-EDB3C114953D}
		{2A5A42E3-AC6B-4312-968B-9FEEEA8C8286} = {67934BE8-E998-4E99-B339-EDB3C114953D}
		{7E841F70-E81D-4AB8-B387-DD7383202915} = {032494FE-1B0E-4FCB-B51A-45AAFFDED5B2}
		{B26507AE-B7E4-4E3B-8643-1F3A7B8F8224} = {032494FE-1B0E-4FCB-B51A-45AAFFDED5B2}
		{4B00E93D-0ABD-48F4-808E-7D8435293CD8} = {21525A2B-CBDF-4BEA-8B80-C475A9B1D73A}
		{B55F7E04-5B59-426F-BA4B-1A4C8B0A2C7E} = {21525A2B-CBDF-4BEA-8B80-C475A9B1D73A}
		{FE576FB2-7DF1-4DEA-AC08-E126908DB0D1} = {21525A2B-CBDF-4BEA-8B80-C475A9B1D73A}
		{3E590AAB-4344-4C11-8D99-E9046F2AD63F} = {21525A2B-CBDF-4BEA-8B80-C475A9B1D73A}
		{978684DF-7828-4D6C-913B-F26716050300} = {21525A2B-CBDF-4BEA-8B80-C475A9B1D73A}
		{31643F2E-F354-48F3-9610-BCCEB4808AD1} = {21525A2B-CBDF-4BEA-8B80-C475A9B1D73A}
		{D2530EF1-5B8A-48E2-AD93-8EAD6944066F} = {21525A2B-CBDF-4BEA-8B80-C475A9B1D73A}
		{26F55E96-54A0-4B3C-AA1D-7FF13CD7D12E} = {CC74E768-0D3A-4822-8020-F0C88A66AD26}
		{EF17C80A-380F-43FE-BA27-6841F9C4CF66} = {4215B08A-9BAF-4B1E-B704-FFE0AABCE35B}
		{C47DD7FE-C273-4D29-8903-642B7F358E58} = {4215B08A-9BAF-4B1E-B704-FFE0AABCE35B}
		{3E3F6C26-C2B3-4F8C-8EED-D54967A10EA0} = {4215B08A-9BAF-4B1E-B704-FFE0AABCE35B}
	EndGlobalSection
EndGlobal
