
Microsoft Visual Studio Solution File, Format Version 11.00
# Visual Studio 2010
Project("{FAE04EC0-301F-11D3-BF4B-00C04F79EFBC}") = "ermeX.BasicTest", "ermeX.BasicTest\ermeX.BasicTest.csproj", "{22350196-4814-45C5-9C62-E24A0D34B34F}"
EndProject
Global
	GlobalSection(SolutionConfigurationPlatforms) = preSolution
		Debug|Any CPU = Debug|Any CPU
		Release|Any CPU = Release|Any CPU
	EndGlobalSection
	GlobalSection(ProjectConfigurationPlatforms) = postSolution
		{22350196-4814-45C5-9C62-E24A0D34B34F}.Debug|Any CPU.ActiveCfg = Debug|Any CPU
		{22350196-4814-45C5-9C62-E24A0D34B34F}.Debug|Any CPU.Build.0 = Debug|Any CPU
		{22350196-4814-45C5-9C62-E24A0D34B34F}.Release|Any CPU.ActiveCfg = Release|Any CPU
		{22350196-4814-45C5-9C62-E24A0D34B34F}.Release|Any CPU.Build.0 = Release|Any CPU
	EndGlobalSection
	GlobalSection(SolutionProperties) = preSolution
		HideSolutionNode = FALSE
	EndGlobalSection
EndGlobal
