
Microsoft Visual Studio Solution File, Format Version 11.00
# Visual Studio 2010
Project("{FAE04EC0-301F-11D3-BF4B-00C04F79EFBC}") = "AlarmGeneratorSampleRunner", "AlarmGeneratorSampleRunner\AlarmGeneratorSampleRunner.csproj", "{085BAFF5-0294-4924-8E6F-91FB278FF075}"
EndProject
Project("{FAE04EC0-301F-11D3-BF4B-00C04F79EFBC}") = "DrinksMachine", "DrinksMachine\DrinksMachine.csproj", "{67D11254-2654-4AC6-8517-DB9B2C5C659C}"
EndProject
Project("{FAE04EC0-301F-11D3-BF4B-00C04F79EFBC}") = "StockBoyPanel", "StockBoyPanel\StockBoyPanel.csproj", "{0A207ABD-35A4-465F-B284-2F4B08606CFD}"
EndProject
Project("{FAE04EC0-301F-11D3-BF4B-00C04F79EFBC}") = "CommonContracts", "CommonContracts\CommonContracts.csproj", "{918DFF41-09E5-47F6-B2DC-510492A2BDCA}"
EndProject
Project("{2150E333-8FDC-42A3-9474-1A3956D46DE8}") = "Common", "Common", "{A22F7663-D803-4A8E-BB90-4112F0CAD55E}"
EndProject
Project("{2150E333-8FDC-42A3-9474-1A3956D46DE8}") = "DeviceEmulation", "DeviceEmulation", "{6FA3665F-A521-49BF-A7D1-CF3524035E02}"
EndProject
Project("{2150E333-8FDC-42A3-9474-1A3956D46DE8}") = "User panel", "User panel", "{166AA101-3709-414B-AA40-2A76408A10A8}"
EndProject
Global
	GlobalSection(SolutionConfigurationPlatforms) = preSolution
		Debug|Any CPU = Debug|Any CPU
		Debug|Mixed Platforms = Debug|Mixed Platforms
		Debug|x86 = Debug|x86
		Release|Any CPU = Release|Any CPU
		Release|Mixed Platforms = Release|Mixed Platforms
		Release|x86 = Release|x86
	EndGlobalSection
	GlobalSection(ProjectConfigurationPlatforms) = postSolution
		{085BAFF5-0294-4924-8E6F-91FB278FF075}.Debug|Any CPU.ActiveCfg = Debug|x86
		{085BAFF5-0294-4924-8E6F-91FB278FF075}.Debug|Mixed Platforms.ActiveCfg = Debug|x86
		{085BAFF5-0294-4924-8E6F-91FB278FF075}.Debug|Mixed Platforms.Build.0 = Debug|x86
		{085BAFF5-0294-4924-8E6F-91FB278FF075}.Debug|x86.ActiveCfg = Debug|x86
		{085BAFF5-0294-4924-8E6F-91FB278FF075}.Debug|x86.Build.0 = Debug|x86
		{085BAFF5-0294-4924-8E6F-91FB278FF075}.Release|Any CPU.ActiveCfg = Release|x86
		{085BAFF5-0294-4924-8E6F-91FB278FF075}.Release|Mixed Platforms.ActiveCfg = Release|x86
		{085BAFF5-0294-4924-8E6F-91FB278FF075}.Release|Mixed Platforms.Build.0 = Release|x86
		{085BAFF5-0294-4924-8E6F-91FB278FF075}.Release|x86.ActiveCfg = Release|x86
		{085BAFF5-0294-4924-8E6F-91FB278FF075}.Release|x86.Build.0 = Release|x86
		{67D11254-2654-4AC6-8517-DB9B2C5C659C}.Debug|Any CPU.ActiveCfg = Debug|x86
		{67D11254-2654-4AC6-8517-DB9B2C5C659C}.Debug|Mixed Platforms.ActiveCfg = Debug|x86
		{67D11254-2654-4AC6-8517-DB9B2C5C659C}.Debug|Mixed Platforms.Build.0 = Debug|x86
		{67D11254-2654-4AC6-8517-DB9B2C5C659C}.Debug|x86.ActiveCfg = Debug|x86
		{67D11254-2654-4AC6-8517-DB9B2C5C659C}.Debug|x86.Build.0 = Debug|x86
		{67D11254-2654-4AC6-8517-DB9B2C5C659C}.Release|Any CPU.ActiveCfg = Release|x86
		{67D11254-2654-4AC6-8517-DB9B2C5C659C}.Release|Mixed Platforms.ActiveCfg = Release|x86
		{67D11254-2654-4AC6-8517-DB9B2C5C659C}.Release|Mixed Platforms.Build.0 = Release|x86
		{67D11254-2654-4AC6-8517-DB9B2C5C659C}.Release|x86.ActiveCfg = Release|x86
		{67D11254-2654-4AC6-8517-DB9B2C5C659C}.Release|x86.Build.0 = Release|x86
		{0A207ABD-35A4-465F-B284-2F4B08606CFD}.Debug|Any CPU.ActiveCfg = Debug|x86
		{0A207ABD-35A4-465F-B284-2F4B08606CFD}.Debug|Mixed Platforms.ActiveCfg = Debug|x86
		{0A207ABD-35A4-465F-B284-2F4B08606CFD}.Debug|Mixed Platforms.Build.0 = Debug|x86
		{0A207ABD-35A4-465F-B284-2F4B08606CFD}.Debug|x86.ActiveCfg = Debug|x86
		{0A207ABD-35A4-465F-B284-2F4B08606CFD}.Debug|x86.Build.0 = Debug|x86
		{0A207ABD-35A4-465F-B284-2F4B08606CFD}.Release|Any CPU.ActiveCfg = Release|x86
		{0A207ABD-35A4-465F-B284-2F4B08606CFD}.Release|Mixed Platforms.ActiveCfg = Release|x86
		{0A207ABD-35A4-465F-B284-2F4B08606CFD}.Release|Mixed Platforms.Build.0 = Release|x86
		{0A207ABD-35A4-465F-B284-2F4B08606CFD}.Release|x86.ActiveCfg = Release|x86
		{0A207ABD-35A4-465F-B284-2F4B08606CFD}.Release|x86.Build.0 = Release|x86
		{918DFF41-09E5-47F6-B2DC-510492A2BDCA}.Debug|Any CPU.ActiveCfg = Debug|Any CPU
		{918DFF41-09E5-47F6-B2DC-510492A2BDCA}.Debug|Any CPU.Build.0 = Debug|Any CPU
		{918DFF41-09E5-47F6-B2DC-510492A2BDCA}.Debug|Mixed Platforms.ActiveCfg = Debug|Any CPU
		{918DFF41-09E5-47F6-B2DC-510492A2BDCA}.Debug|Mixed Platforms.Build.0 = Debug|Any CPU
		{918DFF41-09E5-47F6-B2DC-510492A2BDCA}.Debug|x86.ActiveCfg = Debug|Any CPU
		{918DFF41-09E5-47F6-B2DC-510492A2BDCA}.Release|Any CPU.ActiveCfg = Release|Any CPU
		{918DFF41-09E5-47F6-B2DC-510492A2BDCA}.Release|Any CPU.Build.0 = Release|Any CPU
		{918DFF41-09E5-47F6-B2DC-510492A2BDCA}.Release|Mixed Platforms.ActiveCfg = Release|Any CPU
		{918DFF41-09E5-47F6-B2DC-510492A2BDCA}.Release|Mixed Platforms.Build.0 = Release|Any CPU
		{918DFF41-09E5-47F6-B2DC-510492A2BDCA}.Release|x86.ActiveCfg = Release|Any CPU
	EndGlobalSection
	GlobalSection(SolutionProperties) = preSolution
		HideSolutionNode = FALSE
	EndGlobalSection
	GlobalSection(NestedProjects) = preSolution
		{918DFF41-09E5-47F6-B2DC-510492A2BDCA} = {A22F7663-D803-4A8E-BB90-4112F0CAD55E}
		{67D11254-2654-4AC6-8517-DB9B2C5C659C} = {6FA3665F-A521-49BF-A7D1-CF3524035E02}
		{0A207ABD-35A4-465F-B284-2F4B08606CFD} = {166AA101-3709-414B-AA40-2A76408A10A8}
	EndGlobalSection
EndGlobal
