
Microsoft Visual Studio Solution File, Format Version 11.00
# Visual Studio 2010
Project("{2150E333-8FDC-42A3-9474-1A3956D46DE8}") = "Test", "Test", "{C55039D8-AA77-4C74-9F2E-D4ADFF1D6392}"
EndProject
Project("{2150E333-8FDC-42A3-9474-1A3956D46DE8}") = "NonTestServices", "NonTestServices", "{5D20F23D-7D58-40EA-84A2-D17F3640C32E}"
EndProject
Project("{2150E333-8FDC-42A3-9474-1A3956D46DE8}") = "NonTestLibs", "NonTestLibs", "{CA3866D5-2B7A-46DF-8048-F1E3F9E61B02}"
EndProject
Project("{2150E333-8FDC-42A3-9474-1A3956D46DE8}") = "Unit", "Unit", "{9D6D6400-BD06-4683-A84A-C6BB1FDD319B}"
EndProject
Project("{2150E333-8FDC-42A3-9474-1A3956D46DE8}") = "Product", "Product", "{3BE3ADAB-A8E7-43EC-A57F-CB87E09B6C50}"
EndProject
Project("{2150E333-8FDC-42A3-9474-1A3956D46DE8}") = "Common", "Common", "{93D0ED92-B22E-4996-B197-D5B47CC6C741}"
EndProject
Project("{2150E333-8FDC-42A3-9474-1A3956D46DE8}") = "Configuration", "Configuration", "{6BF4F3B8-6394-4C88-932F-D3D37BC30B30}"
EndProject
Project("{2150E333-8FDC-42A3-9474-1A3956D46DE8}") = "RESTfulClient", "RESTfulClient", "{74801874-C479-4489-9D16-EE30BFDC4DA4}"
EndProject
Project("{2150E333-8FDC-42A3-9474-1A3956D46DE8}") = "CodeGen", "CodeGen", "{085BA789-EB39-4DD7-B288-DD60420A4E2C}"
EndProject
Project("{2150E333-8FDC-42A3-9474-1A3956D46DE8}") = "Restful", "Restful", "{1428B41D-A2C9-42FE-AC3B-C29E2F234166}"
EndProject
Project("{FAE04EC0-301F-11D3-BF4B-00C04F79EFBC}") = "ermeX.Gateway.CodeGen.Restful.Models", "ermeX.Gateway.CodeGen.Restful.Models\ermeX.Gateway.CodeGen.Restful.Models.csproj", "{641DB49D-0AB7-4C67-8371-42F6FBFEB048}"
EndProject
Project("{FAE04EC0-301F-11D3-BF4B-00C04F79EFBC}") = "ermeX.Gateway.ConfigurationManagement.Config", "ermeX.Gateway.ConfigurationManagement.Config\ermeX.Gateway.ConfigurationManagement.Config.csproj", "{21AED2DD-9D6C-475A-9CFA-C86053A7E7F7}"
EndProject
Project("{FAE04EC0-301F-11D3-BF4B-00C04F79EFBC}") = "ermeX.Gateway.CodeGen.Restful", "ermeX.Gateway.CodeGen.Restful\ermeX.Gateway.CodeGen.Restful.csproj", "{3FF1A0E1-0BAB-4DF5-A222-3A65BBEB1F1C}"
EndProject
Project("{FAE04EC0-301F-11D3-BF4B-00C04F79EFBC}") = "ermeX.Gateway.ConfigurationManagement", "ermeX.Gateway.ConfigurationManagement\ermeX.Gateway.ConfigurationManagement.csproj", "{59A680D6-B92D-4AB8-A5F9-CB156891132A}"
EndProject
Project("{FAE04EC0-301F-11D3-BF4B-00C04F79EFBC}") = "ermeX.Gateway.Common", "ermeX.Gateway.Common\ermeX.Gateway.Common.csproj", "{82328DE3-5010-42FA-B109-52B358805374}"
EndProject
Project("{FAE04EC0-301F-11D3-BF4B-00C04F79EFBC}") = "ermeX.Gateway.Test.CodeGenTests", "ermeX.Gateway.Test.CodeGenTests\ermeX.Gateway.Test.CodeGenTests.csproj", "{DF2633DE-2A6A-4EF0-BBAD-0C5E00AD1677}"
EndProject
Global
	GlobalSection(SolutionConfigurationPlatforms) = preSolution
		Debug|Any CPU = Debug|Any CPU
		Debug|x64 = Debug|x64
		Debug|x86 = Debug|x86
		Release|Any CPU = Release|Any CPU
		Release|x64 = Release|x64
		Release|x86 = Release|x86
	EndGlobalSection
	GlobalSection(ProjectConfigurationPlatforms) = postSolution
		{641DB49D-0AB7-4C67-8371-42F6FBFEB048}.Debug|Any CPU.ActiveCfg = Debug|Any CPU
		{641DB49D-0AB7-4C67-8371-42F6FBFEB048}.Debug|Any CPU.Build.0 = Debug|Any CPU
		{641DB49D-0AB7-4C67-8371-42F6FBFEB048}.Debug|x64.ActiveCfg = Debug|x64
		{641DB49D-0AB7-4C67-8371-42F6FBFEB048}.Debug|x64.Build.0 = Debug|x64
		{641DB49D-0AB7-4C67-8371-42F6FBFEB048}.Debug|x86.ActiveCfg = Debug|x86
		{641DB49D-0AB7-4C67-8371-42F6FBFEB048}.Debug|x86.Build.0 = Debug|x86
		{641DB49D-0AB7-4C67-8371-42F6FBFEB048}.Release|Any CPU.ActiveCfg = Release|Any CPU
		{641DB49D-0AB7-4C67-8371-42F6FBFEB048}.Release|Any CPU.Build.0 = Release|Any CPU
		{641DB49D-0AB7-4C67-8371-42F6FBFEB048}.Release|x64.ActiveCfg = Release|x64
		{641DB49D-0AB7-4C67-8371-42F6FBFEB048}.Release|x64.Build.0 = Release|x64
		{641DB49D-0AB7-4C67-8371-42F6FBFEB048}.Release|x86.ActiveCfg = Release|x86
		{641DB49D-0AB7-4C67-8371-42F6FBFEB048}.Release|x86.Build.0 = Release|x86
		{21AED2DD-9D6C-475A-9CFA-C86053A7E7F7}.Debug|Any CPU.ActiveCfg = Debug|Any CPU
		{21AED2DD-9D6C-475A-9CFA-C86053A7E7F7}.Debug|Any CPU.Build.0 = Debug|Any CPU
		{21AED2DD-9D6C-475A-9CFA-C86053A7E7F7}.Debug|x64.ActiveCfg = Debug|x64
		{21AED2DD-9D6C-475A-9CFA-C86053A7E7F7}.Debug|x64.Build.0 = Debug|x64
		{21AED2DD-9D6C-475A-9CFA-C86053A7E7F7}.Debug|x86.ActiveCfg = Debug|x86
		{21AED2DD-9D6C-475A-9CFA-C86053A7E7F7}.Debug|x86.Build.0 = Debug|x86
		{21AED2DD-9D6C-475A-9CFA-C86053A7E7F7}.Release|Any CPU.ActiveCfg = Release|Any CPU
		{21AED2DD-9D6C-475A-9CFA-C86053A7E7F7}.Release|Any CPU.Build.0 = Release|Any CPU
		{21AED2DD-9D6C-475A-9CFA-C86053A7E7F7}.Release|x64.ActiveCfg = Release|x64
		{21AED2DD-9D6C-475A-9CFA-C86053A7E7F7}.Release|x64.Build.0 = Release|x64
		{21AED2DD-9D6C-475A-9CFA-C86053A7E7F7}.Release|x86.ActiveCfg = Release|x86
		{21AED2DD-9D6C-475A-9CFA-C86053A7E7F7}.Release|x86.Build.0 = Release|x86
		{3FF1A0E1-0BAB-4DF5-A222-3A65BBEB1F1C}.Debug|Any CPU.ActiveCfg = Debug|Any CPU
		{3FF1A0E1-0BAB-4DF5-A222-3A65BBEB1F1C}.Debug|Any CPU.Build.0 = Debug|Any CPU
		{3FF1A0E1-0BAB-4DF5-A222-3A65BBEB1F1C}.Debug|x64.ActiveCfg = Debug|x64
		{3FF1A0E1-0BAB-4DF5-A222-3A65BBEB1F1C}.Debug|x64.Build.0 = Debug|x64
		{3FF1A0E1-0BAB-4DF5-A222-3A65BBEB1F1C}.Debug|x86.ActiveCfg = Debug|x86
		{3FF1A0E1-0BAB-4DF5-A222-3A65BBEB1F1C}.Debug|x86.Build.0 = Debug|x86
		{3FF1A0E1-0BAB-4DF5-A222-3A65BBEB1F1C}.Release|Any CPU.ActiveCfg = Release|Any CPU
		{3FF1A0E1-0BAB-4DF5-A222-3A65BBEB1F1C}.Release|Any CPU.Build.0 = Release|Any CPU
		{3FF1A0E1-0BAB-4DF5-A222-3A65BBEB1F1C}.Release|x64.ActiveCfg = Release|x64
		{3FF1A0E1-0BAB-4DF5-A222-3A65BBEB1F1C}.Release|x64.Build.0 = Release|x64
		{3FF1A0E1-0BAB-4DF5-A222-3A65BBEB1F1C}.Release|x86.ActiveCfg = Release|x86
		{3FF1A0E1-0BAB-4DF5-A222-3A65BBEB1F1C}.Release|x86.Build.0 = Release|x86
		{59A680D6-B92D-4AB8-A5F9-CB156891132A}.Debug|Any CPU.ActiveCfg = Debug|Any CPU
		{59A680D6-B92D-4AB8-A5F9-CB156891132A}.Debug|Any CPU.Build.0 = Debug|Any CPU
		{59A680D6-B92D-4AB8-A5F9-CB156891132A}.Debug|x64.ActiveCfg = Debug|x64
		{59A680D6-B92D-4AB8-A5F9-CB156891132A}.Debug|x64.Build.0 = Debug|x64
		{59A680D6-B92D-4AB8-A5F9-CB156891132A}.Debug|x86.ActiveCfg = Debug|x86
		{59A680D6-B92D-4AB8-A5F9-CB156891132A}.Debug|x86.Build.0 = Debug|x86
		{59A680D6-B92D-4AB8-A5F9-CB156891132A}.Release|Any CPU.ActiveCfg = Release|Any CPU
		{59A680D6-B92D-4AB8-A5F9-CB156891132A}.Release|Any CPU.Build.0 = Release|Any CPU
		{59A680D6-B92D-4AB8-A5F9-CB156891132A}.Release|x64.ActiveCfg = Release|x64
		{59A680D6-B92D-4AB8-A5F9-CB156891132A}.Release|x64.Build.0 = Release|x64
		{59A680D6-B92D-4AB8-A5F9-CB156891132A}.Release|x86.ActiveCfg = Release|x86
		{59A680D6-B92D-4AB8-A5F9-CB156891132A}.Release|x86.Build.0 = Release|x86
		{82328DE3-5010-42FA-B109-52B358805374}.Debug|Any CPU.ActiveCfg = Debug|Any CPU
		{82328DE3-5010-42FA-B109-52B358805374}.Debug|Any CPU.Build.0 = Debug|Any CPU
		{82328DE3-5010-42FA-B109-52B358805374}.Debug|x64.ActiveCfg = Debug|x64
		{82328DE3-5010-42FA-B109-52B358805374}.Debug|x64.Build.0 = Debug|x64
		{82328DE3-5010-42FA-B109-52B358805374}.Debug|x86.ActiveCfg = Debug|x86
		{82328DE3-5010-42FA-B109-52B358805374}.Debug|x86.Build.0 = Debug|x86
		{82328DE3-5010-42FA-B109-52B358805374}.Release|Any CPU.ActiveCfg = Release|Any CPU
		{82328DE3-5010-42FA-B109-52B358805374}.Release|Any CPU.Build.0 = Release|Any CPU
		{82328DE3-5010-42FA-B109-52B358805374}.Release|x64.ActiveCfg = Release|x64
		{82328DE3-5010-42FA-B109-52B358805374}.Release|x64.Build.0 = Release|x64
		{82328DE3-5010-42FA-B109-52B358805374}.Release|x86.ActiveCfg = Release|x86
		{82328DE3-5010-42FA-B109-52B358805374}.Release|x86.Build.0 = Release|x86
		{DF2633DE-2A6A-4EF0-BBAD-0C5E00AD1677}.Debug|Any CPU.ActiveCfg = Debug|Any CPU
		{DF2633DE-2A6A-4EF0-BBAD-0C5E00AD1677}.Debug|Any CPU.Build.0 = Debug|Any CPU
		{DF2633DE-2A6A-4EF0-BBAD-0C5E00AD1677}.Debug|x64.ActiveCfg = Debug|x64
		{DF2633DE-2A6A-4EF0-BBAD-0C5E00AD1677}.Debug|x64.Build.0 = Debug|x64
		{DF2633DE-2A6A-4EF0-BBAD-0C5E00AD1677}.Debug|x86.ActiveCfg = Debug|x86
		{DF2633DE-2A6A-4EF0-BBAD-0C5E00AD1677}.Debug|x86.Build.0 = Debug|x86
		{DF2633DE-2A6A-4EF0-BBAD-0C5E00AD1677}.Release|Any CPU.ActiveCfg = Release|Any CPU
		{DF2633DE-2A6A-4EF0-BBAD-0C5E00AD1677}.Release|Any CPU.Build.0 = Release|Any CPU
		{DF2633DE-2A6A-4EF0-BBAD-0C5E00AD1677}.Release|x64.ActiveCfg = Release|x64
		{DF2633DE-2A6A-4EF0-BBAD-0C5E00AD1677}.Release|x64.Build.0 = Release|x64
		{DF2633DE-2A6A-4EF0-BBAD-0C5E00AD1677}.Release|x86.ActiveCfg = Release|x86
		{DF2633DE-2A6A-4EF0-BBAD-0C5E00AD1677}.Release|x86.Build.0 = Release|x86
	EndGlobalSection
	GlobalSection(SolutionProperties) = preSolution
		HideSolutionNode = FALSE
	EndGlobalSection
	GlobalSection(NestedProjects) = preSolution
		{5D20F23D-7D58-40EA-84A2-D17F3640C32E} = {C55039D8-AA77-4C74-9F2E-D4ADFF1D6392}
		{CA3866D5-2B7A-46DF-8048-F1E3F9E61B02} = {C55039D8-AA77-4C74-9F2E-D4ADFF1D6392}
		{9D6D6400-BD06-4683-A84A-C6BB1FDD319B} = {C55039D8-AA77-4C74-9F2E-D4ADFF1D6392}
		{DF2633DE-2A6A-4EF0-BBAD-0C5E00AD1677} = {9D6D6400-BD06-4683-A84A-C6BB1FDD319B}
		{93D0ED92-B22E-4996-B197-D5B47CC6C741} = {3BE3ADAB-A8E7-43EC-A57F-CB87E09B6C50}
		{6BF4F3B8-6394-4C88-932F-D3D37BC30B30} = {3BE3ADAB-A8E7-43EC-A57F-CB87E09B6C50}
		{74801874-C479-4489-9D16-EE30BFDC4DA4} = {3BE3ADAB-A8E7-43EC-A57F-CB87E09B6C50}
		{085BA789-EB39-4DD7-B288-DD60420A4E2C} = {3BE3ADAB-A8E7-43EC-A57F-CB87E09B6C50}
		{82328DE3-5010-42FA-B109-52B358805374} = {93D0ED92-B22E-4996-B197-D5B47CC6C741}
		{21AED2DD-9D6C-475A-9CFA-C86053A7E7F7} = {6BF4F3B8-6394-4C88-932F-D3D37BC30B30}
		{59A680D6-B92D-4AB8-A5F9-CB156891132A} = {6BF4F3B8-6394-4C88-932F-D3D37BC30B30}
		{1428B41D-A2C9-42FE-AC3B-C29E2F234166} = {085BA789-EB39-4DD7-B288-DD60420A4E2C}
		{641DB49D-0AB7-4C67-8371-42F6FBFEB048} = {1428B41D-A2C9-42FE-AC3B-C29E2F234166}
		{3FF1A0E1-0BAB-4DF5-A222-3A65BBEB1F1C} = {1428B41D-A2C9-42FE-AC3B-C29E2F234166}
	EndGlobalSection
EndGlobal
