Microsoft Visual Studio Solution File, Format Version 11.00
# Visual Studio 2010
Project("{FAE04EC0-301F-11D3-BF4B-00C04F79EFBC}") = "ermeX.Tests.AcceptanceTester", "ermeX.Tests.AcceptanceTester\ermeX.Tests.AcceptanceTester.csproj", "{AE76FCD7-54CD-4D49-BEEA-7D1A141DE765}"
EndProject
Project("{FAE04EC0-301F-11D3-BF4B-00C04F79EFBC}") = "ermeX.Tests.AcceptanceTester.Helpers", "ermeX.Tests.AcceptanceTester.Helpers\ermeX.Tests.AcceptanceTester.Helpers.csproj", "{7E4E843C-9419-46F1-BBA6-18B38131BDDA}"
EndProject
Project("{FAE04EC0-301F-11D3-BF4B-00C04F79EFBC}") = "ermeX.Tests.AcceptanceTester.Base", "ermeX.Tests.AcceptanceTester.Base\ermeX.Tests.AcceptanceTester.Base.csproj", "{B3F13005-3568-411D-9AB5-0F95C532BAEE}"
EndProject
Project("{FAE04EC0-301F-11D3-BF4B-00C04F79EFBC}") = "ermeX.Tests.AcceptanceTester.Tests", "ermeX.Tests.AcceptanceTester.Tests\ermeX.Tests.AcceptanceTester.Tests.csproj", "{9D086779-32D5-461E-AB87-43F1EA0DDA16}"
EndProject
Global
	GlobalSection(SolutionConfigurationPlatforms) = preSolution
		Debug|Any CPU = Debug|Any CPU
		Release|Any CPU = Release|Any CPU
	EndGlobalSection
	GlobalSection(ProjectConfigurationPlatforms) = postSolution
		{AE76FCD7-54CD-4D49-BEEA-7D1A141DE765}.Debug|Any CPU.ActiveCfg = Debug|Any CPU
		{AE76FCD7-54CD-4D49-BEEA-7D1A141DE765}.Debug|Any CPU.Build.0 = Debug|Any CPU
		{AE76FCD7-54CD-4D49-BEEA-7D1A141DE765}.Release|Any CPU.ActiveCfg = Release|Any CPU
		{AE76FCD7-54CD-4D49-BEEA-7D1A141DE765}.Release|Any CPU.Build.0 = Release|Any CPU
		{7E4E843C-9419-46F1-BBA6-18B38131BDDA}.Debug|Any CPU.ActiveCfg = Debug|Any CPU
		{7E4E843C-9419-46F1-BBA6-18B38131BDDA}.Debug|Any CPU.Build.0 = Debug|Any CPU
		{7E4E843C-9419-46F1-BBA6-18B38131BDDA}.Release|Any CPU.ActiveCfg = Release|Any CPU
		{7E4E843C-9419-46F1-BBA6-18B38131BDDA}.Release|Any CPU.Build.0 = Release|Any CPU
		{B3F13005-3568-411D-9AB5-0F95C532BAEE}.Debug|Any CPU.ActiveCfg = Debug|Any CPU
		{B3F13005-3568-411D-9AB5-0F95C532BAEE}.Debug|Any CPU.Build.0 = Debug|Any CPU
		{B3F13005-3568-411D-9AB5-0F95C532BAEE}.Release|Any CPU.ActiveCfg = Release|Any CPU
		{B3F13005-3568-411D-9AB5-0F95C532BAEE}.Release|Any CPU.Build.0 = Release|Any CPU
		{9D086779-32D5-461E-AB87-43F1EA0DDA16}.Debug|Any CPU.ActiveCfg = Debug|Any CPU
		{9D086779-32D5-461E-AB87-43F1EA0DDA16}.Debug|Any CPU.Build.0 = Debug|Any CPU
		{9D086779-32D5-461E-AB87-43F1EA0DDA16}.Release|Any CPU.ActiveCfg = Release|Any CPU
		{9D086779-32D5-461E-AB87-43F1EA0DDA16}.Release|Any CPU.Build.0 = Release|Any CPU
	EndGlobalSection
	GlobalSection(SolutionProperties) = preSolution
		HideSolutionNode = FALSE
	EndGlobalSection
EndGlobal
